// !$*UTF8*$!
{
	archiveVersion = 1;
	classes = {
	};
	objectVersion = 46;
	objects = {

/* Begin PBXBuildFile section */
		571D75C717EB3D0A00F0B869 /* kImageTransactionBottom.png in Resources */ = {isa = PBXBuildFile; fileRef = 571D75C417EB3D0A00F0B869 /* kImageTransactionBottom.png */; };
		571D75C817EB3D0A00F0B869 /* kImageTransactionExpander.png in Resources */ = {isa = PBXBuildFile; fileRef = 571D75C517EB3D0A00F0B869 /* kImageTransactionExpander.png */; };
		571D75C917EB3D0A00F0B869 /* kImageTransactionTop.png in Resources */ = {isa = PBXBuildFile; fileRef = 571D75C617EB3D0A00F0B869 /* kImageTransactionTop.png */; };
		574B2DF217EC9BEF008E17EE /* APRemoteAPI.m in Sources */ = {isa = PBXBuildFile; fileRef = 574B2DF117EC9BEF008E17EE /* APRemoteAPI.m */; };
		574B2DF517ECA097008E17EE /* APDebug.m in Sources */ = {isa = PBXBuildFile; fileRef = 574B2DF417ECA097008E17EE /* APDebug.m */; };
		574B2DF917ECB7EB008E17EE /* merchantlogo.jpg in Resources */ = {isa = PBXBuildFile; fileRef = 574B2DF817ECB7EB008E17EE /* merchantlogo.jpg */; };
		574B2DFA17ECBAA5008E17EE /* rewards.js in Resources */ = {isa = PBXBuildFile; fileRef = 574B2DF617ECB1AF008E17EE /* rewards.js */; };
		574B2DFC17ECDC2D008E17EE /* transaction.js in Resources */ = {isa = PBXBuildFile; fileRef = 574B2DFB17ECDC2D008E17EE /* transaction.js */; };
		5793E3DB17EB7379004B0838 /* appIcon.png in Resources */ = {isa = PBXBuildFile; fileRef = 5793E3DA17EB7379004B0838 /* appIcon.png */; };
		5793E3DD17EB7383004B0838 /* appIcon@2x.png in Resources */ = {isa = PBXBuildFile; fileRef = 5793E3DC17EB7383004B0838 /* appIcon@2x.png */; };
		5793E3E417EB7E98004B0838 /* APRemotableObject.m in Sources */ = {isa = PBXBuildFile; fileRef = 5793E3E317EB7E98004B0838 /* APRemotableObject.m */; };
		5793E3E717EB7F24004B0838 /* APMerchant.m in Sources */ = {isa = PBXBuildFile; fileRef = 5793E3E617EB7F24004B0838 /* APMerchant.m */; };
		5793E3EA17EB7FBF004B0838 /* APReward.m in Sources */ = {isa = PBXBuildFile; fileRef = 5793E3E917EB7FBF004B0838 /* APReward.m */; };
		5793E3EC17EBBE23004B0838 /* kImageRewardsTop.png in Resources */ = {isa = PBXBuildFile; fileRef = 5793E3EB17EBBE23004B0838 /* kImageRewardsTop.png */; };
		5793E3EE17EBC38A004B0838 /* kImageButtonBg.png in Resources */ = {isa = PBXBuildFile; fileRef = 5793E3ED17EBC38A004B0838 /* kImageButtonBg.png */; };
		57A223E317E90626000B52E9 /* UIKit.framework in Frameworks */ = {isa = PBXBuildFile; fileRef = 57A223E217E90626000B52E9 /* UIKit.framework */; };
		57A223E517E90626000B52E9 /* Foundation.framework in Frameworks */ = {isa = PBXBuildFile; fileRef = 57A223E417E90626000B52E9 /* Foundation.framework */; };
		57A223E717E90626000B52E9 /* CoreGraphics.framework in Frameworks */ = {isa = PBXBuildFile; fileRef = 57A223E617E90626000B52E9 /* CoreGraphics.framework */; };
		57A223ED17E90626000B52E9 /* InfoPlist.strings in Resources */ = {isa = PBXBuildFile; fileRef = 57A223EB17E90626000B52E9 /* InfoPlist.strings */; };
		57A223EF17E90626000B52E9 /* main.m in Sources */ = {isa = PBXBuildFile; fileRef = 57A223EE17E90626000B52E9 /* main.m */; };
		57A223F317E90626000B52E9 /* APAppDelegate.m in Sources */ = {isa = PBXBuildFile; fileRef = 57A223F217E90626000B52E9 /* APAppDelegate.m */; };
		57A223F517E90626000B52E9 /* Default.png in Resources */ = {isa = PBXBuildFile; fileRef = 57A223F417E90626000B52E9 /* Default.png */; };
		57A223F717E90626000B52E9 /* Default@2x.png in Resources */ = {isa = PBXBuildFile; fileRef = 57A223F617E90626000B52E9 /* Default@2x.png */; };
		57A223F917E90626000B52E9 /* Default-568h@2x.png in Resources */ = {isa = PBXBuildFile; fileRef = 57A223F817E90626000B52E9 /* Default-568h@2x.png */; };
		57A223FC17E90626000B52E9 /* MainStoryboard.storyboard in Resources */ = {isa = PBXBuildFile; fileRef = 57A223FA17E90626000B52E9 /* MainStoryboard.storyboard */; };
		57A2245217E90F27000B52E9 /* AFHTTPClient.m in Sources */ = {isa = PBXBuildFile; fileRef = 57A2240817E90F27000B52E9 /* AFHTTPClient.m */; };
		57A2245317E90F27000B52E9 /* AFHTTPRequestOperation.m in Sources */ = {isa = PBXBuildFile; fileRef = 57A2240A17E90F27000B52E9 /* AFHTTPRequestOperation.m */; };
		57A2245417E90F27000B52E9 /* AFImageRequestOperation.m in Sources */ = {isa = PBXBuildFile; fileRef = 57A2240C17E90F27000B52E9 /* AFImageRequestOperation.m */; };
		57A2245517E90F27000B52E9 /* AFJSONRequestOperation.m in Sources */ = {isa = PBXBuildFile; fileRef = 57A2240E17E90F27000B52E9 /* AFJSONRequestOperation.m */; };
		57A2245617E90F27000B52E9 /* AFNetworkActivityIndicatorManager.m in Sources */ = {isa = PBXBuildFile; fileRef = 57A2241017E90F27000B52E9 /* AFNetworkActivityIndicatorManager.m */; };
		57A2245717E90F27000B52E9 /* AFPropertyListRequestOperation.m in Sources */ = {isa = PBXBuildFile; fileRef = 57A2241317E90F27000B52E9 /* AFPropertyListRequestOperation.m */; };
		57A2245817E90F27000B52E9 /* AFURLConnectionOperation.m in Sources */ = {isa = PBXBuildFile; fileRef = 57A2241517E90F27000B52E9 /* AFURLConnectionOperation.m */; };
		57A2245917E90F27000B52E9 /* AFXMLRequestOperation.m in Sources */ = {isa = PBXBuildFile; fileRef = 57A2241717E90F27000B52E9 /* AFXMLRequestOperation.m */; };
		57A2245A17E90F27000B52E9 /* UIImageView+AFNetworking.m in Sources */ = {isa = PBXBuildFile; fileRef = 57A2241917E90F27000B52E9 /* UIImageView+AFNetworking.m */; };
		57A2245B17E90F27000B52E9 /* NSObject+VSBroadcasting.m in Sources */ = {isa = PBXBuildFile; fileRef = 57A2241C17E90F27000B52E9 /* NSObject+VSBroadcasting.m */; };
		57A2245C17E90F27000B52E9 /* NSArray+BlocksKit.m in Sources */ = {isa = PBXBuildFile; fileRef = 57A2242017E90F27000B52E9 /* NSArray+BlocksKit.m */; };
		57A2245D17E90F27000B52E9 /* NSDictionary+BlocksKit.m in Sources */ = {isa = PBXBuildFile; fileRef = 57A2242217E90F27000B52E9 /* NSDictionary+BlocksKit.m */; };
		57A2245E17E90F27000B52E9 /* NSIndexSet+BlocksKit.m in Sources */ = {isa = PBXBuildFile; fileRef = 57A2242417E90F27000B52E9 /* NSIndexSet+BlocksKit.m */; };
		57A2245F17E90F27000B52E9 /* NSObject+AssociatedObjects.m in Sources */ = {isa = PBXBuildFile; fileRef = 57A2242617E90F27000B52E9 /* NSObject+AssociatedObjects.m */; };
		57A2246017E90F27000B52E9 /* NSObject+BlockObservation.m in Sources */ = {isa = PBXBuildFile; fileRef = 57A2242817E90F27000B52E9 /* NSObject+BlockObservation.m */; };
		57A2246117E90F27000B52E9 /* NSObject+BlocksKit.m in Sources */ = {isa = PBXBuildFile; fileRef = 57A2242A17E90F27000B52E9 /* NSObject+BlocksKit.m */; };
		57A2246217E90F27000B52E9 /* NSSet+BlocksKit.m in Sources */ = {isa = PBXBuildFile; fileRef = 57A2242C17E90F27000B52E9 /* NSSet+BlocksKit.m */; };
		57A2246317E90F27000B52E9 /* NSTimer+BlocksKit.m in Sources */ = {isa = PBXBuildFile; fileRef = 57A2242E17E90F27000B52E9 /* NSTimer+BlocksKit.m */; };
		57A2246417E90F27000B52E9 /* UIGestureRecognizer+BlocksKit.m in Sources */ = {isa = PBXBuildFile; fileRef = 57A2243017E90F27000B52E9 /* UIGestureRecognizer+BlocksKit.m */; };
		57A2246517E90F27000B52E9 /* IASKAppSettingsViewController.m in Sources */ = {isa = PBXBuildFile; fileRef = 57A2243417E90F27000B52E9 /* IASKAppSettingsViewController.m */; };
		57A2246617E90F27000B52E9 /* IASKAppSettingsWebViewController.m in Sources */ = {isa = PBXBuildFile; fileRef = 57A2243617E90F27000B52E9 /* IASKAppSettingsWebViewController.m */; };
		57A2246717E90F27000B52E9 /* IASKSpecifierValuesViewController.m in Sources */ = {isa = PBXBuildFile; fileRef = 57A2243817E90F27000B52E9 /* IASKSpecifierValuesViewController.m */; };
		57A2246817E90F27000B52E9 /* IASKSettingsReader.m in Sources */ = {isa = PBXBuildFile; fileRef = 57A2243C17E90F27000B52E9 /* IASKSettingsReader.m */; };
		57A2246917E90F27000B52E9 /* IASKSettingsStore.m in Sources */ = {isa = PBXBuildFile; fileRef = 57A2243E17E90F27000B52E9 /* IASKSettingsStore.m */; };
		57A2246A17E90F27000B52E9 /* IASKSettingsStoreFile.m in Sources */ = {isa = PBXBuildFile; fileRef = 57A2244017E90F27000B52E9 /* IASKSettingsStoreFile.m */; };
		57A2246B17E90F27000B52E9 /* IASKSettingsStoreUserDefaults.m in Sources */ = {isa = PBXBuildFile; fileRef = 57A2244217E90F27000B52E9 /* IASKSettingsStoreUserDefaults.m */; };
		57A2246C17E90F27000B52E9 /* IASKSpecifier.m in Sources */ = {isa = PBXBuildFile; fileRef = 57A2244417E90F27000B52E9 /* IASKSpecifier.m */; };
		57A2246D17E90F27000B52E9 /* IASKPSSliderSpecifierViewCell.m in Sources */ = {isa = PBXBuildFile; fileRef = 57A2244717E90F27000B52E9 /* IASKPSSliderSpecifierViewCell.m */; };
		57A2246E17E90F27000B52E9 /* IASKPSTextFieldSpecifierViewCell.m in Sources */ = {isa = PBXBuildFile; fileRef = 57A2244917E90F27000B52E9 /* IASKPSTextFieldSpecifierViewCell.m */; };
		57A2246F17E90F27000B52E9 /* IASKPSTitleValueSpecifierViewCell.m in Sources */ = {isa = PBXBuildFile; fileRef = 57A2244B17E90F27000B52E9 /* IASKPSTitleValueSpecifierViewCell.m */; };
		57A2247017E90F27000B52E9 /* IASKSlider.m in Sources */ = {isa = PBXBuildFile; fileRef = 57A2244D17E90F27000B52E9 /* IASKSlider.m */; };
		57A2247117E90F27000B52E9 /* IASKSwitch.m in Sources */ = {isa = PBXBuildFile; fileRef = 57A2244F17E90F27000B52E9 /* IASKSwitch.m */; };
		57A2247217E90F27000B52E9 /* IASKTextField.m in Sources */ = {isa = PBXBuildFile; fileRef = 57A2245117E90F27000B52E9 /* IASKTextField.m */; };
		57A2247E17E90F47000B52E9 /* APMainViewController.m in Sources */ = {isa = PBXBuildFile; fileRef = 57A2247417E90F47000B52E9 /* APMainViewController.m */; };
		57A2247F17E90F47000B52E9 /* APLocationViewController.m in Sources */ = {isa = PBXBuildFile; fileRef = 57A2247617E90F47000B52E9 /* APLocationViewController.m */; };
		57A2248017E90F47000B52E9 /* APMenuViewController.m in Sources */ = {isa = PBXBuildFile; fileRef = 57A2247717E90F47000B52E9 /* APMenuViewController.m */; };
		57A2248117E90F47000B52E9 /* APOffersViewController.m in Sources */ = {isa = PBXBuildFile; fileRef = 57A2247917E90F47000B52E9 /* APOffersViewController.m */; };
		57A2248217E90F47000B52E9 /* APScanView.m in Sources */ = {isa = PBXBuildFile; fileRef = 57A2247B17E90F47000B52E9 /* APScanView.m */; };
		57A2248317E90F47000B52E9 /* UIViewController+ArgoPay.m in Sources */ = {isa = PBXBuildFile; fileRef = 57A2247D17E90F47000B52E9 /* UIViewController+ArgoPay.m */; };
		57A2248617E90FF3000B52E9 /* APStrings.m in Sources */ = {isa = PBXBuildFile; fileRef = 57A2248517E90FF3000B52E9 /* APStrings.m */; };
		57A224A117E913B3000B52E9 /* kImageAccount.png in Resources */ = {isa = PBXBuildFile; fileRef = 57A2248917E913B3000B52E9 /* kImageAccount.png */; };
		57A224A217E913B3000B52E9 /* kImageAlert.png in Resources */ = {isa = PBXBuildFile; fileRef = 57A2248A17E913B3000B52E9 /* kImageAlert.png */; };
		57A224A317E913B3000B52E9 /* kImageBack.png in Resources */ = {isa = PBXBuildFile; fileRef = 57A2248B17E913B3000B52E9 /* kImageBack.png */; };
		57A224A417E913B3000B52E9 /* kImageBack@2x.png in Resources */ = {isa = PBXBuildFile; fileRef = 57A2248C17E913B3000B52E9 /* kImageBack@2x.png */; };
		57A224A517E913B3000B52E9 /* kImageBalloon.png in Resources */ = {isa = PBXBuildFile; fileRef = 57A2248D17E913B3000B52E9 /* kImageBalloon.png */; };
		57A224A617E913B3000B52E9 /* kImageBanner.png in Resources */ = {isa = PBXBuildFile; fileRef = 57A2248E17E913B3000B52E9 /* kImageBanner.png */; };
		57A224A717E913B3000B52E9 /* kImageBanner@2x.png in Resources */ = {isa = PBXBuildFile; fileRef = 57A2248F17E913B3000B52E9 /* kImageBanner@2x.png */; };
		57A224A817E913B3000B52E9 /* kImageFavorite.png in Resources */ = {isa = PBXBuildFile; fileRef = 57A2249017E913B3000B52E9 /* kImageFavorite.png */; };
		57A224A917E913B3000B52E9 /* kImageHelp.png in Resources */ = {isa = PBXBuildFile; fileRef = 57A2249117E913B3000B52E9 /* kImageHelp.png */; };
		57A224AA17E913B3000B52E9 /* kImageHistory.png in Resources */ = {isa = PBXBuildFile; fileRef = 57A2249217E913B3000B52E9 /* kImageHistory.png */; };
		57A224AB17E913B3000B52E9 /* kImageHome.png in Resources */ = {isa = PBXBuildFile; fileRef = 57A2249317E913B3000B52E9 /* kImageHome.png */; };
		57A224AC17E913B3000B52E9 /* kImageHome@2x.png in Resources */ = {isa = PBXBuildFile; fileRef = 57A2249417E913B3000B52E9 /* kImageHome@2x.png */; };
		57A224AD17E913B3000B52E9 /* kImageLocation.png in Resources */ = {isa = PBXBuildFile; fileRef = 57A2249517E913B3000B52E9 /* kImageLocation.png */; };
		57A224AE17E913B3000B52E9 /* kImageLocation@2x.png in Resources */ = {isa = PBXBuildFile; fileRef = 57A2249617E913B3000B52E9 /* kImageLocation@2x.png */; };
		57A224AF17E913B3000B52E9 /* kImageLocationCircle.png in Resources */ = {isa = PBXBuildFile; fileRef = 57A2249717E913B3000B52E9 /* kImageLocationCircle.png */; };
		57A224B017E913B3000B52E9 /* kImageLogout.png in Resources */ = {isa = PBXBuildFile; fileRef = 57A2249817E913B3000B52E9 /* kImageLogout.png */; };
		57A224B117E913B3000B52E9 /* kImageOffers.png in Resources */ = {isa = PBXBuildFile; fileRef = 57A2249917E913B3000B52E9 /* kImageOffers.png */; };
		57A224B217E913B3000B52E9 /* kImageOffers@2x.png in Resources */ = {isa = PBXBuildFile; fileRef = 57A2249A17E913B3000B52E9 /* kImageOffers@2x.png */; };
		57A224B317E913B3000B52E9 /* kImageProfile.png in Resources */ = {isa = PBXBuildFile; fileRef = 57A2249B17E913B3000B52E9 /* kImageProfile.png */; };
		57A224B417E913B3000B52E9 /* kImageQR.png in Resources */ = {isa = PBXBuildFile; fileRef = 57A2249C17E913B3000B52E9 /* kImageQR.png */; };
		57A224B517E913B3000B52E9 /* kImageQR@2x.png in Resources */ = {isa = PBXBuildFile; fileRef = 57A2249D17E913B3000B52E9 /* kImageQR@2x.png */; };
		57A224B617E913B3000B52E9 /* kImageRewards.png in Resources */ = {isa = PBXBuildFile; fileRef = 57A2249E17E913B3000B52E9 /* kImageRewards.png */; };
		57A224B717E913B3000B52E9 /* kImageSettings.png in Resources */ = {isa = PBXBuildFile; fileRef = 57A2249F17E913B3000B52E9 /* kImageSettings.png */; };
		57A224B917E91762000B52E9 /* MobileCoreServices.framework in Frameworks */ = {isa = PBXBuildFile; fileRef = 57A224B817E91762000B52E9 /* MobileCoreServices.framework */; };
		57A224BB17E91769000B52E9 /* SystemConfiguration.framework in Frameworks */ = {isa = PBXBuildFile; fileRef = 57A224BA17E91769000B52E9 /* SystemConfiguration.framework */; };
		57A224BD17E91771000B52E9 /* CoreVideo.framework in Frameworks */ = {isa = PBXBuildFile; fileRef = 57A224BC17E91771000B52E9 /* CoreVideo.framework */; };
		57A224BF17E9178B000B52E9 /* libiconv.dylib in Frameworks */ = {isa = PBXBuildFile; fileRef = 57A224BE17E9178B000B52E9 /* libiconv.dylib */; };
		57A224C117E917B8000B52E9 /* AVFoundation.framework in Frameworks */ = {isa = PBXBuildFile; fileRef = 57A224C017E917B8000B52E9 /* AVFoundation.framework */; };
		57A224C317E917C3000B52E9 /* CoreMedia.framework in Frameworks */ = {isa = PBXBuildFile; fileRef = 57A224C217E917C3000B52E9 /* CoreMedia.framework */; };
		57A224C517E91864000B52E9 /* MessageUI.framework in Frameworks */ = {isa = PBXBuildFile; fileRef = 57A224C417E91864000B52E9 /* MessageUI.framework */; };
		57A224E417E91EA9000B52E9 /* libzbar.a in Frameworks */ = {isa = PBXBuildFile; fileRef = 57A224DE17E91EA9000B52E9 /* libzbar.a */; };
		57A224E517E91EA9000B52E9 /* zbar-back.png in Resources */ = {isa = PBXBuildFile; fileRef = 57A224E017E91EA9000B52E9 /* zbar-back.png */; };
		57A224E617E91EA9000B52E9 /* zbar-help.html in Resources */ = {isa = PBXBuildFile; fileRef = 57A224E117E91EA9000B52E9 /* zbar-help.html */; };
		57A224E717E91EA9000B52E9 /* zbar-helpicons.png in Resources */ = {isa = PBXBuildFile; fileRef = 57A224E217E91EA9000B52E9 /* zbar-helpicons.png */; };
		57A224E817E91EA9000B52E9 /* zbar-samples.png in Resources */ = {isa = PBXBuildFile; fileRef = 57A224E317E91EA9000B52E9 /* zbar-samples.png */; };
		57A224EB17E92124000B52E9 /* VSConnectivity.m in Sources */ = {isa = PBXBuildFile; fileRef = 57A224EA17E92124000B52E9 /* VSConnectivity.m */; };
		57A224ED17E92683000B52E9 /* Security.framework in Frameworks */ = {isa = PBXBuildFile; fileRef = 57A224EC17E92683000B52E9 /* Security.framework */; };
		57A224F017E92D1A000B52E9 /* VSSettings.m in Sources */ = {isa = PBXBuildFile; fileRef = 57A224EF17E92D1A000B52E9 /* VSSettings.m */; };
		57A224F317E95154000B52E9 /* APSettingsViewController.m in Sources */ = {isa = PBXBuildFile; fileRef = 57A224F217E95153000B52E9 /* APSettingsViewController.m */; };
		57A224F517E951A5000B52E9 /* InAppSettings.bundle in Resources */ = {isa = PBXBuildFile; fileRef = 57A224F417E951A5000B52E9 /* InAppSettings.bundle */; };
		57E7B83517E9F01000205BCB /* about.html in Resources */ = {isa = PBXBuildFile; fileRef = 57E7B83417E9F01000205BCB /* about.html */; };
		57E7B83717E9F9C400205BCB /* QuartzCore.framework in Frameworks */ = {isa = PBXBuildFile; fileRef = 57E7B83617E9F9C300205BCB /* QuartzCore.framework */; };
		57E7B83B17E9FCE900205BCB /* APTranasctionViewController.m in Sources */ = {isa = PBXBuildFile; fileRef = 57E7B83A17E9FCE900205BCB /* APTranasctionViewController.m */; };
		57E7B84117EA042B00205BCB /* VSPopup.m in Sources */ = {isa = PBXBuildFile; fileRef = 57E7B84017EA042B00205BCB /* VSPopup.m */; };
		57E7B84317EA044600205BCB /* kImagePopupBG.png in Resources */ = {isa = PBXBuildFile; fileRef = 57E7B84217EA044600205BCB /* kImagePopupBG.png */; };
		57E7B84617EA1BA400205BCB /* APPopup.m in Sources */ = {isa = PBXBuildFile; fileRef = 57E7B84517EA1BA400205BCB /* APPopup.m */; };
		57E7B84D17EA5C0000205BCB /* APTransaction.m in Sources */ = {isa = PBXBuildFile; fileRef = 57E7B84C17EA5C0000205BCB /* APTransaction.m */; };
/* End PBXBuildFile section */

/* Begin PBXFileReference section */
		571D75C417EB3D0A00F0B869 /* kImageTransactionBottom.png */ = {isa = PBXFileReference; lastKnownFileType = image.png; path = kImageTransactionBottom.png; sourceTree = "<group>"; };
		571D75C517EB3D0A00F0B869 /* kImageTransactionExpander.png */ = {isa = PBXFileReference; lastKnownFileType = image.png; path = kImageTransactionExpander.png; sourceTree = "<group>"; };
		571D75C617EB3D0A00F0B869 /* kImageTransactionTop.png */ = {isa = PBXFileReference; lastKnownFileType = image.png; path = kImageTransactionTop.png; sourceTree = "<group>"; };
		571D75CC17EB46E700F0B869 /* accepts-button var-2.psd */ = {isa = PBXFileReference; lastKnownFileType = file; path = "accepts-button var-2.psd"; sourceTree = "<group>"; };
		571D75CD17EB46E700F0B869 /* error-button var-2.psd */ = {isa = PBXFileReference; lastKnownFileType = file; path = "error-button var-2.psd"; sourceTree = "<group>"; };
		571D75CE17EB46E700F0B869 /* help-current-2.psd */ = {isa = PBXFileReference; lastKnownFileType = file; path = "help-current-2.psd"; sourceTree = "<group>"; };
		571D75CF17EB46E700F0B869 /* help-non pressed-2.psd */ = {isa = PBXFileReference; lastKnownFileType = file; path = "help-non pressed-2.psd"; sourceTree = "<group>"; };
		571D75D017EB46E700F0B869 /* help-pressed-2.psd */ = {isa = PBXFileReference; lastKnownFileType = file; path = "help-pressed-2.psd"; sourceTree = "<group>"; };
		571D75D117EB46E700F0B869 /* home-262626-non pressed buttons.psd */ = {isa = PBXFileReference; lastKnownFileType = file; path = "home-262626-non pressed buttons.psd"; sourceTree = "<group>"; };
		571D75D217EB46E700F0B869 /* home-262626-pressed buttons.psd */ = {isa = PBXFileReference; lastKnownFileType = file; path = "home-262626-pressed buttons.psd"; sourceTree = "<group>"; };
		571D75D317EB46E700F0B869 /* places-button var-2.psd */ = {isa = PBXFileReference; lastKnownFileType = file; path = "places-button var-2.psd"; sourceTree = "<group>"; };
		571D75D417EB46E700F0B869 /* sign in.psd */ = {isa = PBXFileReference; lastKnownFileType = file; path = "sign in.psd"; sourceTree = "<group>"; };
		571D75D517EB46E700F0B869 /* sign up.psd */ = {isa = PBXFileReference; lastKnownFileType = file; path = "sign up.psd"; sourceTree = "<group>"; };
		571D75D617EB46E700F0B869 /* transaction.psd */ = {isa = PBXFileReference; lastKnownFileType = file; path = transaction.psd; sourceTree = "<group>"; };
		571D75D717EB46E700F0B869 /* welcome.psd */ = {isa = PBXFileReference; lastKnownFileType = file; path = welcome.psd; sourceTree = "<group>"; };
		571D75D917EB46E700F0B869 /* ArgoPay UX note 091113.docx */ = {isa = PBXFileReference; lastKnownFileType = file; path = "ArgoPay UX note 091113.docx"; sourceTree = "<group>"; };
		571D75DA17EB46E700F0B869 /* credit product - Account Activation.pdf */ = {isa = PBXFileReference; lastKnownFileType = image.pdf; path = "credit product - Account Activation.pdf"; sourceTree = "<group>"; };
		571D75DB17EB46E700F0B869 /* credit product - Manage Account.pdf */ = {isa = PBXFileReference; lastKnownFileType = image.pdf; path = "credit product - Manage Account.pdf"; sourceTree = "<group>"; };
		571D75DD17EB46E700F0B869 /* ArgoPay-Fig1.jpg */ = {isa = PBXFileReference; lastKnownFileType = image.jpeg; path = "ArgoPay-Fig1.jpg"; sourceTree = "<group>"; };
		571D75DE17EB46E700F0B869 /* ArgoPay-Fig2.jpg */ = {isa = PBXFileReference; lastKnownFileType = image.jpeg; path = "ArgoPay-Fig2.jpg"; sourceTree = "<group>"; };
		571D75DF17EB46E700F0B869 /* scope.pdf */ = {isa = PBXFileReference; lastKnownFileType = image.pdf; path = scope.pdf; sourceTree = "<group>"; };
		574B2DF017EC9BEF008E17EE /* APRemoteAPI.h */ = {isa = PBXFileReference; fileEncoding = 4; lastKnownFileType = sourcecode.c.h; path = APRemoteAPI.h; sourceTree = "<group>"; };
		574B2DF117EC9BEF008E17EE /* APRemoteAPI.m */ = {isa = PBXFileReference; fileEncoding = 4; lastKnownFileType = sourcecode.c.objc; path = APRemoteAPI.m; sourceTree = "<group>"; };
		574B2DF317ECA097008E17EE /* APDebug.h */ = {isa = PBXFileReference; fileEncoding = 4; lastKnownFileType = sourcecode.c.h; path = APDebug.h; sourceTree = "<group>"; };
		574B2DF417ECA097008E17EE /* APDebug.m */ = {isa = PBXFileReference; fileEncoding = 4; lastKnownFileType = sourcecode.c.objc; path = APDebug.m; sourceTree = "<group>"; };
		574B2DF617ECB1AF008E17EE /* rewards.js */ = {isa = PBXFileReference; fileEncoding = 4; lastKnownFileType = sourcecode.javascript; path = rewards.js; sourceTree = "<group>"; };
		574B2DF817ECB7EB008E17EE /* merchantlogo.jpg */ = {isa = PBXFileReference; lastKnownFileType = image.jpeg; path = merchantlogo.jpg; sourceTree = "<group>"; };
		574B2DFB17ECDC2D008E17EE /* transaction.js */ = {isa = PBXFileReference; fileEncoding = 4; lastKnownFileType = sourcecode.javascript; path = transaction.js; sourceTree = "<group>"; };
		5793E3DA17EB7379004B0838 /* appIcon.png */ = {isa = PBXFileReference; lastKnownFileType = image.png; path = appIcon.png; sourceTree = "<group>"; };
		5793E3DC17EB7383004B0838 /* appIcon@2x.png */ = {isa = PBXFileReference; lastKnownFileType = image.png; path = "appIcon@2x.png"; sourceTree = "<group>"; };
		5793E3DF17EB7CC7004B0838 /* qrcode.17094104.png */ = {isa = PBXFileReference; lastKnownFileType = image.png; path = qrcode.17094104.png; sourceTree = "<group>"; };
		5793E3E017EB7CC7004B0838 /* qrcode.17094497.png */ = {isa = PBXFileReference; lastKnownFileType = image.png; path = qrcode.17094497.png; sourceTree = "<group>"; };
		5793E3E217EB7E98004B0838 /* APRemotableObject.h */ = {isa = PBXFileReference; fileEncoding = 4; lastKnownFileType = sourcecode.c.h; path = APRemotableObject.h; sourceTree = "<group>"; };
		5793E3E317EB7E98004B0838 /* APRemotableObject.m */ = {isa = PBXFileReference; fileEncoding = 4; lastKnownFileType = sourcecode.c.objc; path = APRemotableObject.m; sourceTree = "<group>"; };
		5793E3E517EB7F24004B0838 /* APMerchant.h */ = {isa = PBXFileReference; fileEncoding = 4; lastKnownFileType = sourcecode.c.h; path = APMerchant.h; sourceTree = "<group>"; };
		5793E3E617EB7F24004B0838 /* APMerchant.m */ = {isa = PBXFileReference; fileEncoding = 4; lastKnownFileType = sourcecode.c.objc; path = APMerchant.m; sourceTree = "<group>"; };
		5793E3E817EB7FBF004B0838 /* APReward.h */ = {isa = PBXFileReference; fileEncoding = 4; lastKnownFileType = sourcecode.c.h; path = APReward.h; sourceTree = "<group>"; };
		5793E3E917EB7FBF004B0838 /* APReward.m */ = {isa = PBXFileReference; fileEncoding = 4; lastKnownFileType = sourcecode.c.objc; path = APReward.m; sourceTree = "<group>"; };
		5793E3EB17EBBE23004B0838 /* kImageRewardsTop.png */ = {isa = PBXFileReference; lastKnownFileType = image.png; path = kImageRewardsTop.png; sourceTree = "<group>"; };
		5793E3ED17EBC38A004B0838 /* kImageButtonBg.png */ = {isa = PBXFileReference; lastKnownFileType = image.png; path = kImageButtonBg.png; sourceTree = "<group>"; };
		57A223DF17E90626000B52E9 /* ArgoPay.app */ = {isa = PBXFileReference; explicitFileType = wrapper.application; includeInIndex = 0; path = ArgoPay.app; sourceTree = BUILT_PRODUCTS_DIR; };
		57A223E217E90626000B52E9 /* UIKit.framework */ = {isa = PBXFileReference; lastKnownFileType = wrapper.framework; name = UIKit.framework; path = System/Library/Frameworks/UIKit.framework; sourceTree = SDKROOT; };
		57A223E417E90626000B52E9 /* Foundation.framework */ = {isa = PBXFileReference; lastKnownFileType = wrapper.framework; name = Foundation.framework; path = System/Library/Frameworks/Foundation.framework; sourceTree = SDKROOT; };
		57A223E617E90626000B52E9 /* CoreGraphics.framework */ = {isa = PBXFileReference; lastKnownFileType = wrapper.framework; name = CoreGraphics.framework; path = System/Library/Frameworks/CoreGraphics.framework; sourceTree = SDKROOT; };
		57A223EA17E90626000B52E9 /* ArgoPay-Info.plist */ = {isa = PBXFileReference; lastKnownFileType = text.plist.xml; path = "ArgoPay-Info.plist"; sourceTree = "<group>"; };
		57A223EC17E90626000B52E9 /* en */ = {isa = PBXFileReference; lastKnownFileType = text.plist.strings; name = en; path = en.lproj/InfoPlist.strings; sourceTree = "<group>"; };
		57A223EE17E90626000B52E9 /* main.m */ = {isa = PBXFileReference; lastKnownFileType = sourcecode.c.objc; path = main.m; sourceTree = "<group>"; };
		57A223F017E90626000B52E9 /* ArgoPay-Prefix.pch */ = {isa = PBXFileReference; lastKnownFileType = sourcecode.c.h; path = "ArgoPay-Prefix.pch"; sourceTree = "<group>"; };
		57A223F117E90626000B52E9 /* APAppDelegate.h */ = {isa = PBXFileReference; lastKnownFileType = sourcecode.c.h; path = APAppDelegate.h; sourceTree = "<group>"; };
		57A223F217E90626000B52E9 /* APAppDelegate.m */ = {isa = PBXFileReference; lastKnownFileType = sourcecode.c.objc; path = APAppDelegate.m; sourceTree = "<group>"; };
		57A223F417E90626000B52E9 /* Default.png */ = {isa = PBXFileReference; lastKnownFileType = image.png; path = Default.png; sourceTree = "<group>"; };
		57A223F617E90626000B52E9 /* Default@2x.png */ = {isa = PBXFileReference; lastKnownFileType = image.png; path = "Default@2x.png"; sourceTree = "<group>"; };
		57A223F817E90626000B52E9 /* Default-568h@2x.png */ = {isa = PBXFileReference; lastKnownFileType = image.png; path = "Default-568h@2x.png"; sourceTree = "<group>"; };
		57A223FB17E90626000B52E9 /* en */ = {isa = PBXFileReference; lastKnownFileType = file.storyboard; name = en; path = en.lproj/MainStoryboard.storyboard; sourceTree = "<group>"; };
		57A2240717E90F27000B52E9 /* AFHTTPClient.h */ = {isa = PBXFileReference; fileEncoding = 4; lastKnownFileType = sourcecode.c.h; path = AFHTTPClient.h; sourceTree = "<group>"; };
		57A2240817E90F27000B52E9 /* AFHTTPClient.m */ = {isa = PBXFileReference; fileEncoding = 4; lastKnownFileType = sourcecode.c.objc; path = AFHTTPClient.m; sourceTree = "<group>"; };
		57A2240917E90F27000B52E9 /* AFHTTPRequestOperation.h */ = {isa = PBXFileReference; fileEncoding = 4; lastKnownFileType = sourcecode.c.h; path = AFHTTPRequestOperation.h; sourceTree = "<group>"; };
		57A2240A17E90F27000B52E9 /* AFHTTPRequestOperation.m */ = {isa = PBXFileReference; fileEncoding = 4; lastKnownFileType = sourcecode.c.objc; path = AFHTTPRequestOperation.m; sourceTree = "<group>"; };
		57A2240B17E90F27000B52E9 /* AFImageRequestOperation.h */ = {isa = PBXFileReference; fileEncoding = 4; lastKnownFileType = sourcecode.c.h; path = AFImageRequestOperation.h; sourceTree = "<group>"; };
		57A2240C17E90F27000B52E9 /* AFImageRequestOperation.m */ = {isa = PBXFileReference; fileEncoding = 4; lastKnownFileType = sourcecode.c.objc; path = AFImageRequestOperation.m; sourceTree = "<group>"; };
		57A2240D17E90F27000B52E9 /* AFJSONRequestOperation.h */ = {isa = PBXFileReference; fileEncoding = 4; lastKnownFileType = sourcecode.c.h; path = AFJSONRequestOperation.h; sourceTree = "<group>"; };
		57A2240E17E90F27000B52E9 /* AFJSONRequestOperation.m */ = {isa = PBXFileReference; fileEncoding = 4; lastKnownFileType = sourcecode.c.objc; path = AFJSONRequestOperation.m; sourceTree = "<group>"; };
		57A2240F17E90F27000B52E9 /* AFNetworkActivityIndicatorManager.h */ = {isa = PBXFileReference; fileEncoding = 4; lastKnownFileType = sourcecode.c.h; path = AFNetworkActivityIndicatorManager.h; sourceTree = "<group>"; };
		57A2241017E90F27000B52E9 /* AFNetworkActivityIndicatorManager.m */ = {isa = PBXFileReference; fileEncoding = 4; lastKnownFileType = sourcecode.c.objc; path = AFNetworkActivityIndicatorManager.m; sourceTree = "<group>"; };
		57A2241117E90F27000B52E9 /* AFNetworking.h */ = {isa = PBXFileReference; fileEncoding = 4; lastKnownFileType = sourcecode.c.h; path = AFNetworking.h; sourceTree = "<group>"; };
		57A2241217E90F27000B52E9 /* AFPropertyListRequestOperation.h */ = {isa = PBXFileReference; fileEncoding = 4; lastKnownFileType = sourcecode.c.h; path = AFPropertyListRequestOperation.h; sourceTree = "<group>"; };
		57A2241317E90F27000B52E9 /* AFPropertyListRequestOperation.m */ = {isa = PBXFileReference; fileEncoding = 4; lastKnownFileType = sourcecode.c.objc; path = AFPropertyListRequestOperation.m; sourceTree = "<group>"; };
		57A2241417E90F27000B52E9 /* AFURLConnectionOperation.h */ = {isa = PBXFileReference; fileEncoding = 4; lastKnownFileType = sourcecode.c.h; path = AFURLConnectionOperation.h; sourceTree = "<group>"; };
		57A2241517E90F27000B52E9 /* AFURLConnectionOperation.m */ = {isa = PBXFileReference; fileEncoding = 4; lastKnownFileType = sourcecode.c.objc; path = AFURLConnectionOperation.m; sourceTree = "<group>"; };
		57A2241617E90F27000B52E9 /* AFXMLRequestOperation.h */ = {isa = PBXFileReference; fileEncoding = 4; lastKnownFileType = sourcecode.c.h; path = AFXMLRequestOperation.h; sourceTree = "<group>"; };
		57A2241717E90F27000B52E9 /* AFXMLRequestOperation.m */ = {isa = PBXFileReference; fileEncoding = 4; lastKnownFileType = sourcecode.c.objc; path = AFXMLRequestOperation.m; sourceTree = "<group>"; };
		57A2241817E90F27000B52E9 /* UIImageView+AFNetworking.h */ = {isa = PBXFileReference; fileEncoding = 4; lastKnownFileType = sourcecode.c.h; path = "UIImageView+AFNetworking.h"; sourceTree = "<group>"; };
		57A2241917E90F27000B52E9 /* UIImageView+AFNetworking.m */ = {isa = PBXFileReference; fileEncoding = 4; lastKnownFileType = sourcecode.c.objc; path = "UIImageView+AFNetworking.m"; sourceTree = "<group>"; };
		57A2241B17E90F27000B52E9 /* NSObject+VSBroadcasting.h */ = {isa = PBXFileReference; fileEncoding = 4; lastKnownFileType = sourcecode.c.h; path = "NSObject+VSBroadcasting.h"; sourceTree = "<group>"; };
		57A2241C17E90F27000B52E9 /* NSObject+VSBroadcasting.m */ = {isa = PBXFileReference; fileEncoding = 4; lastKnownFileType = sourcecode.c.objc; path = "NSObject+VSBroadcasting.m"; sourceTree = "<group>"; };
		57A2241E17E90F27000B52E9 /* BKGlobals.h */ = {isa = PBXFileReference; fileEncoding = 4; lastKnownFileType = sourcecode.c.h; path = BKGlobals.h; sourceTree = "<group>"; };
		57A2241F17E90F27000B52E9 /* NSArray+BlocksKit.h */ = {isa = PBXFileReference; fileEncoding = 4; lastKnownFileType = sourcecode.c.h; path = "NSArray+BlocksKit.h"; sourceTree = "<group>"; };
		57A2242017E90F27000B52E9 /* NSArray+BlocksKit.m */ = {isa = PBXFileReference; fileEncoding = 4; lastKnownFileType = sourcecode.c.objc; path = "NSArray+BlocksKit.m"; sourceTree = "<group>"; };
		57A2242117E90F27000B52E9 /* NSDictionary+BlocksKit.h */ = {isa = PBXFileReference; fileEncoding = 4; lastKnownFileType = sourcecode.c.h; path = "NSDictionary+BlocksKit.h"; sourceTree = "<group>"; };
		57A2242217E90F27000B52E9 /* NSDictionary+BlocksKit.m */ = {isa = PBXFileReference; fileEncoding = 4; lastKnownFileType = sourcecode.c.objc; path = "NSDictionary+BlocksKit.m"; sourceTree = "<group>"; };
		57A2242317E90F27000B52E9 /* NSIndexSet+BlocksKit.h */ = {isa = PBXFileReference; fileEncoding = 4; lastKnownFileType = sourcecode.c.h; path = "NSIndexSet+BlocksKit.h"; sourceTree = "<group>"; };
		57A2242417E90F27000B52E9 /* NSIndexSet+BlocksKit.m */ = {isa = PBXFileReference; fileEncoding = 4; lastKnownFileType = sourcecode.c.objc; path = "NSIndexSet+BlocksKit.m"; sourceTree = "<group>"; };
		57A2242517E90F27000B52E9 /* NSObject+AssociatedObjects.h */ = {isa = PBXFileReference; fileEncoding = 4; lastKnownFileType = sourcecode.c.h; path = "NSObject+AssociatedObjects.h"; sourceTree = "<group>"; };
		57A2242617E90F27000B52E9 /* NSObject+AssociatedObjects.m */ = {isa = PBXFileReference; fileEncoding = 4; lastKnownFileType = sourcecode.c.objc; path = "NSObject+AssociatedObjects.m"; sourceTree = "<group>"; };
		57A2242717E90F27000B52E9 /* NSObject+BlockObservation.h */ = {isa = PBXFileReference; fileEncoding = 4; lastKnownFileType = sourcecode.c.h; path = "NSObject+BlockObservation.h"; sourceTree = "<group>"; };
		57A2242817E90F27000B52E9 /* NSObject+BlockObservation.m */ = {isa = PBXFileReference; fileEncoding = 4; lastKnownFileType = sourcecode.c.objc; path = "NSObject+BlockObservation.m"; sourceTree = "<group>"; };
		57A2242917E90F27000B52E9 /* NSObject+BlocksKit.h */ = {isa = PBXFileReference; fileEncoding = 4; lastKnownFileType = sourcecode.c.h; path = "NSObject+BlocksKit.h"; sourceTree = "<group>"; };
		57A2242A17E90F27000B52E9 /* NSObject+BlocksKit.m */ = {isa = PBXFileReference; fileEncoding = 4; lastKnownFileType = sourcecode.c.objc; path = "NSObject+BlocksKit.m"; sourceTree = "<group>"; };
		57A2242B17E90F27000B52E9 /* NSSet+BlocksKit.h */ = {isa = PBXFileReference; fileEncoding = 4; lastKnownFileType = sourcecode.c.h; path = "NSSet+BlocksKit.h"; sourceTree = "<group>"; };
		57A2242C17E90F27000B52E9 /* NSSet+BlocksKit.m */ = {isa = PBXFileReference; fileEncoding = 4; lastKnownFileType = sourcecode.c.objc; path = "NSSet+BlocksKit.m"; sourceTree = "<group>"; };
		57A2242D17E90F27000B52E9 /* NSTimer+BlocksKit.h */ = {isa = PBXFileReference; fileEncoding = 4; lastKnownFileType = sourcecode.c.h; path = "NSTimer+BlocksKit.h"; sourceTree = "<group>"; };
		57A2242E17E90F27000B52E9 /* NSTimer+BlocksKit.m */ = {isa = PBXFileReference; fileEncoding = 4; lastKnownFileType = sourcecode.c.objc; path = "NSTimer+BlocksKit.m"; sourceTree = "<group>"; };
		57A2242F17E90F27000B52E9 /* UIGestureRecognizer+BlocksKit.h */ = {isa = PBXFileReference; fileEncoding = 4; lastKnownFileType = sourcecode.c.h; path = "UIGestureRecognizer+BlocksKit.h"; sourceTree = "<group>"; };
		57A2243017E90F27000B52E9 /* UIGestureRecognizer+BlocksKit.m */ = {isa = PBXFileReference; fileEncoding = 4; lastKnownFileType = sourcecode.c.objc; path = "UIGestureRecognizer+BlocksKit.m"; sourceTree = "<group>"; };
		57A2243317E90F27000B52E9 /* IASKAppSettingsViewController.h */ = {isa = PBXFileReference; fileEncoding = 4; lastKnownFileType = sourcecode.c.h; path = IASKAppSettingsViewController.h; sourceTree = "<group>"; };
		57A2243417E90F27000B52E9 /* IASKAppSettingsViewController.m */ = {isa = PBXFileReference; fileEncoding = 4; lastKnownFileType = sourcecode.c.objc; path = IASKAppSettingsViewController.m; sourceTree = "<group>"; };
		57A2243517E90F27000B52E9 /* IASKAppSettingsWebViewController.h */ = {isa = PBXFileReference; fileEncoding = 4; lastKnownFileType = sourcecode.c.h; path = IASKAppSettingsWebViewController.h; sourceTree = "<group>"; };
		57A2243617E90F27000B52E9 /* IASKAppSettingsWebViewController.m */ = {isa = PBXFileReference; fileEncoding = 4; lastKnownFileType = sourcecode.c.objc; path = IASKAppSettingsWebViewController.m; sourceTree = "<group>"; };
		57A2243717E90F27000B52E9 /* IASKSpecifierValuesViewController.h */ = {isa = PBXFileReference; fileEncoding = 4; lastKnownFileType = sourcecode.c.h; path = IASKSpecifierValuesViewController.h; sourceTree = "<group>"; };
		57A2243817E90F27000B52E9 /* IASKSpecifierValuesViewController.m */ = {isa = PBXFileReference; fileEncoding = 4; lastKnownFileType = sourcecode.c.objc; path = IASKSpecifierValuesViewController.m; sourceTree = "<group>"; };
		57A2243917E90F27000B52E9 /* IASKViewController.h */ = {isa = PBXFileReference; fileEncoding = 4; lastKnownFileType = sourcecode.c.h; path = IASKViewController.h; sourceTree = "<group>"; };
		57A2243B17E90F27000B52E9 /* IASKSettingsReader.h */ = {isa = PBXFileReference; fileEncoding = 4; lastKnownFileType = sourcecode.c.h; path = IASKSettingsReader.h; sourceTree = "<group>"; };
		57A2243C17E90F27000B52E9 /* IASKSettingsReader.m */ = {isa = PBXFileReference; fileEncoding = 4; lastKnownFileType = sourcecode.c.objc; path = IASKSettingsReader.m; sourceTree = "<group>"; };
		57A2243D17E90F27000B52E9 /* IASKSettingsStore.h */ = {isa = PBXFileReference; fileEncoding = 4; lastKnownFileType = sourcecode.c.h; path = IASKSettingsStore.h; sourceTree = "<group>"; };
		57A2243E17E90F27000B52E9 /* IASKSettingsStore.m */ = {isa = PBXFileReference; fileEncoding = 4; lastKnownFileType = sourcecode.c.objc; path = IASKSettingsStore.m; sourceTree = "<group>"; };
		57A2243F17E90F27000B52E9 /* IASKSettingsStoreFile.h */ = {isa = PBXFileReference; fileEncoding = 4; lastKnownFileType = sourcecode.c.h; path = IASKSettingsStoreFile.h; sourceTree = "<group>"; };
		57A2244017E90F27000B52E9 /* IASKSettingsStoreFile.m */ = {isa = PBXFileReference; fileEncoding = 4; lastKnownFileType = sourcecode.c.objc; path = IASKSettingsStoreFile.m; sourceTree = "<group>"; };
		57A2244117E90F27000B52E9 /* IASKSettingsStoreUserDefaults.h */ = {isa = PBXFileReference; fileEncoding = 4; lastKnownFileType = sourcecode.c.h; path = IASKSettingsStoreUserDefaults.h; sourceTree = "<group>"; };
		57A2244217E90F27000B52E9 /* IASKSettingsStoreUserDefaults.m */ = {isa = PBXFileReference; fileEncoding = 4; lastKnownFileType = sourcecode.c.objc; path = IASKSettingsStoreUserDefaults.m; sourceTree = "<group>"; };
		57A2244317E90F27000B52E9 /* IASKSpecifier.h */ = {isa = PBXFileReference; fileEncoding = 4; lastKnownFileType = sourcecode.c.h; path = IASKSpecifier.h; sourceTree = "<group>"; };
		57A2244417E90F27000B52E9 /* IASKSpecifier.m */ = {isa = PBXFileReference; fileEncoding = 4; lastKnownFileType = sourcecode.c.objc; path = IASKSpecifier.m; sourceTree = "<group>"; };
		57A2244617E90F27000B52E9 /* IASKPSSliderSpecifierViewCell.h */ = {isa = PBXFileReference; fileEncoding = 4; lastKnownFileType = sourcecode.c.h; path = IASKPSSliderSpecifierViewCell.h; sourceTree = "<group>"; };
		57A2244717E90F27000B52E9 /* IASKPSSliderSpecifierViewCell.m */ = {isa = PBXFileReference; fileEncoding = 4; lastKnownFileType = sourcecode.c.objc; path = IASKPSSliderSpecifierViewCell.m; sourceTree = "<group>"; };
		57A2244817E90F27000B52E9 /* IASKPSTextFieldSpecifierViewCell.h */ = {isa = PBXFileReference; fileEncoding = 4; lastKnownFileType = sourcecode.c.h; path = IASKPSTextFieldSpecifierViewCell.h; sourceTree = "<group>"; };
		57A2244917E90F27000B52E9 /* IASKPSTextFieldSpecifierViewCell.m */ = {isa = PBXFileReference; fileEncoding = 4; lastKnownFileType = sourcecode.c.objc; path = IASKPSTextFieldSpecifierViewCell.m; sourceTree = "<group>"; };
		57A2244A17E90F27000B52E9 /* IASKPSTitleValueSpecifierViewCell.h */ = {isa = PBXFileReference; fileEncoding = 4; lastKnownFileType = sourcecode.c.h; path = IASKPSTitleValueSpecifierViewCell.h; sourceTree = "<group>"; };
		57A2244B17E90F27000B52E9 /* IASKPSTitleValueSpecifierViewCell.m */ = {isa = PBXFileReference; fileEncoding = 4; lastKnownFileType = sourcecode.c.objc; path = IASKPSTitleValueSpecifierViewCell.m; sourceTree = "<group>"; };
		57A2244C17E90F27000B52E9 /* IASKSlider.h */ = {isa = PBXFileReference; fileEncoding = 4; lastKnownFileType = sourcecode.c.h; path = IASKSlider.h; sourceTree = "<group>"; };
		57A2244D17E90F27000B52E9 /* IASKSlider.m */ = {isa = PBXFileReference; fileEncoding = 4; lastKnownFileType = sourcecode.c.objc; path = IASKSlider.m; sourceTree = "<group>"; };
		57A2244E17E90F27000B52E9 /* IASKSwitch.h */ = {isa = PBXFileReference; fileEncoding = 4; lastKnownFileType = sourcecode.c.h; path = IASKSwitch.h; sourceTree = "<group>"; };
		57A2244F17E90F27000B52E9 /* IASKSwitch.m */ = {isa = PBXFileReference; fileEncoding = 4; lastKnownFileType = sourcecode.c.objc; path = IASKSwitch.m; sourceTree = "<group>"; };
		57A2245017E90F27000B52E9 /* IASKTextField.h */ = {isa = PBXFileReference; fileEncoding = 4; lastKnownFileType = sourcecode.c.h; path = IASKTextField.h; sourceTree = "<group>"; };
		57A2245117E90F27000B52E9 /* IASKTextField.m */ = {isa = PBXFileReference; fileEncoding = 4; lastKnownFileType = sourcecode.c.objc; path = IASKTextField.m; sourceTree = "<group>"; };
		57A2247417E90F47000B52E9 /* APMainViewController.m */ = {isa = PBXFileReference; fileEncoding = 4; lastKnownFileType = sourcecode.c.objc; path = APMainViewController.m; sourceTree = "<group>"; };
		57A2247517E90F47000B52E9 /* APLocationViewController.h */ = {isa = PBXFileReference; fileEncoding = 4; lastKnownFileType = sourcecode.c.h; path = APLocationViewController.h; sourceTree = "<group>"; };
		57A2247617E90F47000B52E9 /* APLocationViewController.m */ = {isa = PBXFileReference; fileEncoding = 4; lastKnownFileType = sourcecode.c.objc; path = APLocationViewController.m; sourceTree = "<group>"; };
		57A2247717E90F47000B52E9 /* APMenuViewController.m */ = {isa = PBXFileReference; fileEncoding = 4; lastKnownFileType = sourcecode.c.objc; path = APMenuViewController.m; sourceTree = "<group>"; };
		57A2247817E90F47000B52E9 /* APOffersViewController.h */ = {isa = PBXFileReference; fileEncoding = 4; lastKnownFileType = sourcecode.c.h; path = APOffersViewController.h; sourceTree = "<group>"; };
		57A2247917E90F47000B52E9 /* APOffersViewController.m */ = {isa = PBXFileReference; fileEncoding = 4; lastKnownFileType = sourcecode.c.objc; path = APOffersViewController.m; sourceTree = "<group>"; };
		57A2247A17E90F47000B52E9 /* APScanView.h */ = {isa = PBXFileReference; fileEncoding = 4; lastKnownFileType = sourcecode.c.h; path = APScanView.h; sourceTree = "<group>"; };
		57A2247B17E90F47000B52E9 /* APScanView.m */ = {isa = PBXFileReference; fileEncoding = 4; lastKnownFileType = sourcecode.c.objc; path = APScanView.m; sourceTree = "<group>"; };
		57A2247C17E90F47000B52E9 /* UIViewController+ArgoPay.h */ = {isa = PBXFileReference; fileEncoding = 4; lastKnownFileType = sourcecode.c.h; path = "UIViewController+ArgoPay.h"; sourceTree = "<group>"; };
		57A2247D17E90F47000B52E9 /* UIViewController+ArgoPay.m */ = {isa = PBXFileReference; fileEncoding = 4; lastKnownFileType = sourcecode.c.objc; path = "UIViewController+ArgoPay.m"; sourceTree = "<group>"; };
		57A2248417E90FF3000B52E9 /* APStrings.h */ = {isa = PBXFileReference; fileEncoding = 4; lastKnownFileType = sourcecode.c.h; path = APStrings.h; sourceTree = "<group>"; };
		57A2248517E90FF3000B52E9 /* APStrings.m */ = {isa = PBXFileReference; fileEncoding = 4; lastKnownFileType = sourcecode.c.objc; path = APStrings.m; sourceTree = "<group>"; };
		57A2248917E913B3000B52E9 /* kImageAccount.png */ = {isa = PBXFileReference; lastKnownFileType = image.png; path = kImageAccount.png; sourceTree = "<group>"; };
		57A2248A17E913B3000B52E9 /* kImageAlert.png */ = {isa = PBXFileReference; lastKnownFileType = image.png; path = kImageAlert.png; sourceTree = "<group>"; };
		57A2248B17E913B3000B52E9 /* kImageBack.png */ = {isa = PBXFileReference; lastKnownFileType = image.png; path = kImageBack.png; sourceTree = "<group>"; };
		57A2248C17E913B3000B52E9 /* kImageBack@2x.png */ = {isa = PBXFileReference; lastKnownFileType = image.png; path = "kImageBack@2x.png"; sourceTree = "<group>"; };
		57A2248D17E913B3000B52E9 /* kImageBalloon.png */ = {isa = PBXFileReference; lastKnownFileType = image.png; path = kImageBalloon.png; sourceTree = "<group>"; };
		57A2248E17E913B3000B52E9 /* kImageBanner.png */ = {isa = PBXFileReference; lastKnownFileType = image.png; path = kImageBanner.png; sourceTree = "<group>"; };
		57A2248F17E913B3000B52E9 /* kImageBanner@2x.png */ = {isa = PBXFileReference; lastKnownFileType = image.png; path = "kImageBanner@2x.png"; sourceTree = "<group>"; };
		57A2249017E913B3000B52E9 /* kImageFavorite.png */ = {isa = PBXFileReference; lastKnownFileType = image.png; path = kImageFavorite.png; sourceTree = "<group>"; };
		57A2249117E913B3000B52E9 /* kImageHelp.png */ = {isa = PBXFileReference; lastKnownFileType = image.png; path = kImageHelp.png; sourceTree = "<group>"; };
		57A2249217E913B3000B52E9 /* kImageHistory.png */ = {isa = PBXFileReference; lastKnownFileType = image.png; path = kImageHistory.png; sourceTree = "<group>"; };
		57A2249317E913B3000B52E9 /* kImageHome.png */ = {isa = PBXFileReference; lastKnownFileType = image.png; path = kImageHome.png; sourceTree = "<group>"; };
		57A2249417E913B3000B52E9 /* kImageHome@2x.png */ = {isa = PBXFileReference; lastKnownFileType = image.png; path = "kImageHome@2x.png"; sourceTree = "<group>"; };
		57A2249517E913B3000B52E9 /* kImageLocation.png */ = {isa = PBXFileReference; lastKnownFileType = image.png; path = kImageLocation.png; sourceTree = "<group>"; };
		57A2249617E913B3000B52E9 /* kImageLocation@2x.png */ = {isa = PBXFileReference; lastKnownFileType = image.png; path = "kImageLocation@2x.png"; sourceTree = "<group>"; };
		57A2249717E913B3000B52E9 /* kImageLocationCircle.png */ = {isa = PBXFileReference; lastKnownFileType = image.png; path = kImageLocationCircle.png; sourceTree = "<group>"; };
		57A2249817E913B3000B52E9 /* kImageLogout.png */ = {isa = PBXFileReference; lastKnownFileType = image.png; path = kImageLogout.png; sourceTree = "<group>"; };
		57A2249917E913B3000B52E9 /* kImageOffers.png */ = {isa = PBXFileReference; lastKnownFileType = image.png; path = kImageOffers.png; sourceTree = "<group>"; };
		57A2249A17E913B3000B52E9 /* kImageOffers@2x.png */ = {isa = PBXFileReference; lastKnownFileType = image.png; path = "kImageOffers@2x.png"; sourceTree = "<group>"; };
		57A2249B17E913B3000B52E9 /* kImageProfile.png */ = {isa = PBXFileReference; lastKnownFileType = image.png; path = kImageProfile.png; sourceTree = "<group>"; };
		57A2249C17E913B3000B52E9 /* kImageQR.png */ = {isa = PBXFileReference; lastKnownFileType = image.png; path = kImageQR.png; sourceTree = "<group>"; };
		57A2249D17E913B3000B52E9 /* kImageQR@2x.png */ = {isa = PBXFileReference; lastKnownFileType = image.png; path = "kImageQR@2x.png"; sourceTree = "<group>"; };
		57A2249E17E913B3000B52E9 /* kImageRewards.png */ = {isa = PBXFileReference; lastKnownFileType = image.png; path = kImageRewards.png; sourceTree = "<group>"; };
		57A2249F17E913B3000B52E9 /* kImageSettings.png */ = {isa = PBXFileReference; lastKnownFileType = image.png; path = kImageSettings.png; sourceTree = "<group>"; };
		57A224B817E91762000B52E9 /* MobileCoreServices.framework */ = {isa = PBXFileReference; lastKnownFileType = wrapper.framework; name = MobileCoreServices.framework; path = System/Library/Frameworks/MobileCoreServices.framework; sourceTree = SDKROOT; };
		57A224BA17E91769000B52E9 /* SystemConfiguration.framework */ = {isa = PBXFileReference; lastKnownFileType = wrapper.framework; name = SystemConfiguration.framework; path = System/Library/Frameworks/SystemConfiguration.framework; sourceTree = SDKROOT; };
		57A224BC17E91771000B52E9 /* CoreVideo.framework */ = {isa = PBXFileReference; lastKnownFileType = wrapper.framework; name = CoreVideo.framework; path = System/Library/Frameworks/CoreVideo.framework; sourceTree = SDKROOT; };
		57A224BE17E9178B000B52E9 /* libiconv.dylib */ = {isa = PBXFileReference; lastKnownFileType = "compiled.mach-o.dylib"; name = libiconv.dylib; path = usr/lib/libiconv.dylib; sourceTree = SDKROOT; };
		57A224C017E917B8000B52E9 /* AVFoundation.framework */ = {isa = PBXFileReference; lastKnownFileType = wrapper.framework; name = AVFoundation.framework; path = System/Library/Frameworks/AVFoundation.framework; sourceTree = SDKROOT; };
		57A224C217E917C3000B52E9 /* CoreMedia.framework */ = {isa = PBXFileReference; lastKnownFileType = wrapper.framework; name = CoreMedia.framework; path = System/Library/Frameworks/CoreMedia.framework; sourceTree = SDKROOT; };
		57A224C417E91864000B52E9 /* MessageUI.framework */ = {isa = PBXFileReference; lastKnownFileType = wrapper.framework; name = MessageUI.framework; path = System/Library/Frameworks/MessageUI.framework; sourceTree = SDKROOT; };
		57A224CA17E91EA9000B52E9 /* Decoder.h */ = {isa = PBXFileReference; fileEncoding = 4; lastKnownFileType = sourcecode.c.h; path = Decoder.h; sourceTree = "<group>"; };
		57A224CB17E91EA9000B52E9 /* Exception.h */ = {isa = PBXFileReference; fileEncoding = 4; lastKnownFileType = sourcecode.c.h; path = Exception.h; sourceTree = "<group>"; };
		57A224CC17E91EA9000B52E9 /* Image.h */ = {isa = PBXFileReference; fileEncoding = 4; lastKnownFileType = sourcecode.c.h; path = Image.h; sourceTree = "<group>"; };
		57A224CD17E91EA9000B52E9 /* ImageScanner.h */ = {isa = PBXFileReference; fileEncoding = 4; lastKnownFileType = sourcecode.c.h; path = ImageScanner.h; sourceTree = "<group>"; };
		57A224CE17E91EA9000B52E9 /* Processor.h */ = {isa = PBXFileReference; fileEncoding = 4; lastKnownFileType = sourcecode.c.h; path = Processor.h; sourceTree = "<group>"; };
		57A224CF17E91EA9000B52E9 /* Scanner.h */ = {isa = PBXFileReference; fileEncoding = 4; lastKnownFileType = sourcecode.c.h; path = Scanner.h; sourceTree = "<group>"; };
		57A224D017E91EA9000B52E9 /* Symbol.h */ = {isa = PBXFileReference; fileEncoding = 4; lastKnownFileType = sourcecode.c.h; path = Symbol.h; sourceTree = "<group>"; };
		57A224D117E91EA9000B52E9 /* Video.h */ = {isa = PBXFileReference; fileEncoding = 4; lastKnownFileType = sourcecode.c.h; path = Video.h; sourceTree = "<group>"; };
		57A224D217E91EA9000B52E9 /* Window.h */ = {isa = PBXFileReference; fileEncoding = 4; lastKnownFileType = sourcecode.c.h; path = Window.h; sourceTree = "<group>"; };
		57A224D317E91EA9000B52E9 /* zbar.h */ = {isa = PBXFileReference; fileEncoding = 4; lastKnownFileType = sourcecode.c.h; path = zbar.h; sourceTree = "<group>"; };
		57A224D417E91EA9000B52E9 /* ZBarCameraSimulator.h */ = {isa = PBXFileReference; fileEncoding = 4; lastKnownFileType = sourcecode.c.h; path = ZBarCameraSimulator.h; sourceTree = "<group>"; };
		57A224D517E91EA9000B52E9 /* ZBarCaptureReader.h */ = {isa = PBXFileReference; fileEncoding = 4; lastKnownFileType = sourcecode.c.h; path = ZBarCaptureReader.h; sourceTree = "<group>"; };
		57A224D617E91EA9000B52E9 /* ZBarHelpController.h */ = {isa = PBXFileReference; fileEncoding = 4; lastKnownFileType = sourcecode.c.h; path = ZBarHelpController.h; sourceTree = "<group>"; };
		57A224D717E91EA9000B52E9 /* ZBarImage.h */ = {isa = PBXFileReference; fileEncoding = 4; lastKnownFileType = sourcecode.c.h; path = ZBarImage.h; sourceTree = "<group>"; };
		57A224D817E91EA9000B52E9 /* ZBarImageScanner.h */ = {isa = PBXFileReference; fileEncoding = 4; lastKnownFileType = sourcecode.c.h; path = ZBarImageScanner.h; sourceTree = "<group>"; };
		57A224D917E91EA9000B52E9 /* ZBarReaderController.h */ = {isa = PBXFileReference; fileEncoding = 4; lastKnownFileType = sourcecode.c.h; path = ZBarReaderController.h; sourceTree = "<group>"; };
		57A224DA17E91EA9000B52E9 /* ZBarReaderView.h */ = {isa = PBXFileReference; fileEncoding = 4; lastKnownFileType = sourcecode.c.h; path = ZBarReaderView.h; sourceTree = "<group>"; };
		57A224DB17E91EA9000B52E9 /* ZBarReaderViewController.h */ = {isa = PBXFileReference; fileEncoding = 4; lastKnownFileType = sourcecode.c.h; path = ZBarReaderViewController.h; sourceTree = "<group>"; };
		57A224DC17E91EA9000B52E9 /* ZBarSDK.h */ = {isa = PBXFileReference; fileEncoding = 4; lastKnownFileType = sourcecode.c.h; path = ZBarSDK.h; sourceTree = "<group>"; };
		57A224DD17E91EA9000B52E9 /* ZBarSymbol.h */ = {isa = PBXFileReference; fileEncoding = 4; lastKnownFileType = sourcecode.c.h; path = ZBarSymbol.h; sourceTree = "<group>"; };
		57A224DE17E91EA9000B52E9 /* libzbar.a */ = {isa = PBXFileReference; lastKnownFileType = archive.ar; path = libzbar.a; sourceTree = "<group>"; };
		57A224E017E91EA9000B52E9 /* zbar-back.png */ = {isa = PBXFileReference; lastKnownFileType = image.png; path = "zbar-back.png"; sourceTree = "<group>"; };
		57A224E117E91EA9000B52E9 /* zbar-help.html */ = {isa = PBXFileReference; fileEncoding = 4; lastKnownFileType = text.html; path = "zbar-help.html"; sourceTree = "<group>"; };
		57A224E217E91EA9000B52E9 /* zbar-helpicons.png */ = {isa = PBXFileReference; lastKnownFileType = image.png; path = "zbar-helpicons.png"; sourceTree = "<group>"; };
		57A224E317E91EA9000B52E9 /* zbar-samples.png */ = {isa = PBXFileReference; lastKnownFileType = image.png; path = "zbar-samples.png"; sourceTree = "<group>"; };
		57A224E917E92124000B52E9 /* VSConnectivity.h */ = {isa = PBXFileReference; fileEncoding = 4; lastKnownFileType = sourcecode.c.h; path = VSConnectivity.h; sourceTree = "<group>"; };
		57A224EA17E92124000B52E9 /* VSConnectivity.m */ = {isa = PBXFileReference; fileEncoding = 4; lastKnownFileType = sourcecode.c.objc; path = VSConnectivity.m; sourceTree = "<group>"; };
		57A224EC17E92683000B52E9 /* Security.framework */ = {isa = PBXFileReference; lastKnownFileType = wrapper.framework; name = Security.framework; path = System/Library/Frameworks/Security.framework; sourceTree = SDKROOT; };
		57A224EE17E92D1A000B52E9 /* VSSettings.h */ = {isa = PBXFileReference; fileEncoding = 4; lastKnownFileType = sourcecode.c.h; path = VSSettings.h; sourceTree = "<group>"; };
		57A224EF17E92D1A000B52E9 /* VSSettings.m */ = {isa = PBXFileReference; fileEncoding = 4; lastKnownFileType = sourcecode.c.objc; path = VSSettings.m; sourceTree = "<group>"; };
		57A224F117E95153000B52E9 /* APSettingsViewController.h */ = {isa = PBXFileReference; fileEncoding = 4; lastKnownFileType = sourcecode.c.h; path = APSettingsViewController.h; sourceTree = "<group>"; };
		57A224F217E95153000B52E9 /* APSettingsViewController.m */ = {isa = PBXFileReference; fileEncoding = 4; lastKnownFileType = sourcecode.c.objc; path = APSettingsViewController.m; sourceTree = "<group>"; };
		57A224F417E951A5000B52E9 /* InAppSettings.bundle */ = {isa = PBXFileReference; lastKnownFileType = "wrapper.plug-in"; path = InAppSettings.bundle; sourceTree = "<group>"; };
		57E7B83417E9F01000205BCB /* about.html */ = {isa = PBXFileReference; fileEncoding = 4; lastKnownFileType = text.html; path = about.html; sourceTree = "<group>"; };
		57E7B83617E9F9C300205BCB /* QuartzCore.framework */ = {isa = PBXFileReference; lastKnownFileType = wrapper.framework; name = QuartzCore.framework; path = System/Library/Frameworks/QuartzCore.framework; sourceTree = SDKROOT; };
		57E7B83917E9FCE900205BCB /* APTranasctionViewController.h */ = {isa = PBXFileReference; fileEncoding = 4; lastKnownFileType = sourcecode.c.h; path = APTranasctionViewController.h; sourceTree = "<group>"; };
		57E7B83A17E9FCE900205BCB /* APTranasctionViewController.m */ = {isa = PBXFileReference; fileEncoding = 4; lastKnownFileType = sourcecode.c.objc; path = APTranasctionViewController.m; sourceTree = "<group>"; };
		57E7B83F17EA042B00205BCB /* VSPopup.h */ = {isa = PBXFileReference; fileEncoding = 4; lastKnownFileType = sourcecode.c.h; path = VSPopup.h; sourceTree = "<group>"; };
		57E7B84017EA042B00205BCB /* VSPopup.m */ = {isa = PBXFileReference; fileEncoding = 4; lastKnownFileType = sourcecode.c.objc; path = VSPopup.m; sourceTree = "<group>"; };
		57E7B84217EA044600205BCB /* kImagePopupBG.png */ = {isa = PBXFileReference; lastKnownFileType = image.png; path = kImagePopupBG.png; sourceTree = "<group>"; };
		57E7B84417EA1BA400205BCB /* APPopup.h */ = {isa = PBXFileReference; fileEncoding = 4; lastKnownFileType = sourcecode.c.h; path = APPopup.h; sourceTree = "<group>"; };
		57E7B84517EA1BA400205BCB /* APPopup.m */ = {isa = PBXFileReference; fileEncoding = 4; lastKnownFileType = sourcecode.c.objc; path = APPopup.m; sourceTree = "<group>"; };
		57E7B84B17EA5C0000205BCB /* APTransaction.h */ = {isa = PBXFileReference; fileEncoding = 4; lastKnownFileType = sourcecode.c.h; path = APTransaction.h; sourceTree = "<group>"; };
		57E7B84C17EA5C0000205BCB /* APTransaction.m */ = {isa = PBXFileReference; fileEncoding = 4; lastKnownFileType = sourcecode.c.objc; path = APTransaction.m; sourceTree = "<group>"; };
/* End PBXFileReference section */

/* Begin PBXFrameworksBuildPhase section */
		57A223DC17E90626000B52E9 /* Frameworks */ = {
			isa = PBXFrameworksBuildPhase;
			buildActionMask = 2147483647;
			files = (
				57E7B83717E9F9C400205BCB /* QuartzCore.framework in Frameworks */,
				57A224ED17E92683000B52E9 /* Security.framework in Frameworks */,
				57A224C517E91864000B52E9 /* MessageUI.framework in Frameworks */,
				57A224C317E917C3000B52E9 /* CoreMedia.framework in Frameworks */,
				57A224C117E917B8000B52E9 /* AVFoundation.framework in Frameworks */,
				57A224BF17E9178B000B52E9 /* libiconv.dylib in Frameworks */,
				57A224BD17E91771000B52E9 /* CoreVideo.framework in Frameworks */,
				57A224BB17E91769000B52E9 /* SystemConfiguration.framework in Frameworks */,
				57A224B917E91762000B52E9 /* MobileCoreServices.framework in Frameworks */,
				57A223E317E90626000B52E9 /* UIKit.framework in Frameworks */,
				57A223E517E90626000B52E9 /* Foundation.framework in Frameworks */,
				57A223E717E90626000B52E9 /* CoreGraphics.framework in Frameworks */,
				57A224E417E91EA9000B52E9 /* libzbar.a in Frameworks */,
			);
			runOnlyForDeploymentPostprocessing = 0;
		};
/* End PBXFrameworksBuildPhase section */

/* Begin PBXGroup section */
		571D75CA17EB46E700F0B869 /* Documentation */ = {
			isa = PBXGroup;
			children = (
				571D75CB17EB46E700F0B869 /* artist_psd */,
				571D75D817EB46E700F0B869 /* specs */,
				571D75DC17EB46E700F0B869 /* work_scope */,
			);
			name = Documentation;
			path = docs;
			sourceTree = "<group>";
		};
		571D75CB17EB46E700F0B869 /* artist_psd */ = {
			isa = PBXGroup;
			children = (
				571D75CC17EB46E700F0B869 /* accepts-button var-2.psd */,
				571D75CD17EB46E700F0B869 /* error-button var-2.psd */,
				571D75CE17EB46E700F0B869 /* help-current-2.psd */,
				571D75CF17EB46E700F0B869 /* help-non pressed-2.psd */,
				571D75D017EB46E700F0B869 /* help-pressed-2.psd */,
				571D75D117EB46E700F0B869 /* home-262626-non pressed buttons.psd */,
				571D75D217EB46E700F0B869 /* home-262626-pressed buttons.psd */,
				571D75D317EB46E700F0B869 /* places-button var-2.psd */,
				571D75D417EB46E700F0B869 /* sign in.psd */,
				571D75D517EB46E700F0B869 /* sign up.psd */,
				571D75D617EB46E700F0B869 /* transaction.psd */,
				571D75D717EB46E700F0B869 /* welcome.psd */,
			);
			path = artist_psd;
			sourceTree = "<group>";
		};
		571D75D817EB46E700F0B869 /* specs */ = {
			isa = PBXGroup;
			children = (
				571D75D917EB46E700F0B869 /* ArgoPay UX note 091113.docx */,
				571D75DA17EB46E700F0B869 /* credit product - Account Activation.pdf */,
				571D75DB17EB46E700F0B869 /* credit product - Manage Account.pdf */,
			);
			path = specs;
			sourceTree = "<group>";
		};
		571D75DC17EB46E700F0B869 /* work_scope */ = {
			isa = PBXGroup;
			children = (
				571D75DD17EB46E700F0B869 /* ArgoPay-Fig1.jpg */,
				571D75DE17EB46E700F0B869 /* ArgoPay-Fig2.jpg */,
				571D75DF17EB46E700F0B869 /* scope.pdf */,
			);
			path = work_scope;
			sourceTree = "<group>";
		};
		5793E3DE17EB7CC7004B0838 /* Testing */ = {
			isa = PBXGroup;
			children = (
				574B2DF817ECB7EB008E17EE /* merchantlogo.jpg */,
				5793E3DF17EB7CC7004B0838 /* qrcode.17094104.png */,
				5793E3E017EB7CC7004B0838 /* qrcode.17094497.png */,
				574B2DF617ECB1AF008E17EE /* rewards.js */,
				574B2DFB17ECDC2D008E17EE /* transaction.js */,
			);
			path = Testing;
			sourceTree = "<group>";
		};
		5793E3E117EB7E98004B0838 /* Network */ = {
			isa = PBXGroup;
			children = (
				5793E3E217EB7E98004B0838 /* APRemotableObject.h */,
				5793E3E317EB7E98004B0838 /* APRemotableObject.m */,
				574B2DF017EC9BEF008E17EE /* APRemoteAPI.h */,
				574B2DF117EC9BEF008E17EE /* APRemoteAPI.m */,
			);
			path = Network;
			sourceTree = "<group>";
		};
		57A223D617E90626000B52E9 = {
			isa = PBXGroup;
			children = (
				5793E3DC17EB7383004B0838 /* appIcon@2x.png */,
				5793E3DA17EB7379004B0838 /* appIcon.png */,
				57A223E817E90626000B52E9 /* ArgoPay */,
				57A223E117E90626000B52E9 /* Frameworks */,
				571D75CA17EB46E700F0B869 /* Documentation */,
				57A223E017E90626000B52E9 /* Products */,
			);
			sourceTree = "<group>";
		};
		57A223E017E90626000B52E9 /* Products */ = {
			isa = PBXGroup;
			children = (
				57A223DF17E90626000B52E9 /* ArgoPay.app */,
			);
			name = Products;
			sourceTree = "<group>";
		};
		57A223E117E90626000B52E9 /* Frameworks */ = {
			isa = PBXGroup;
			children = (
				57A224C017E917B8000B52E9 /* AVFoundation.framework */,
				57A223E617E90626000B52E9 /* CoreGraphics.framework */,
				57A224C217E917C3000B52E9 /* CoreMedia.framework */,
				57A224BC17E91771000B52E9 /* CoreVideo.framework */,
				57A223E417E90626000B52E9 /* Foundation.framework */,
				57A224C417E91864000B52E9 /* MessageUI.framework */,
				57A224B817E91762000B52E9 /* MobileCoreServices.framework */,
				57E7B83617E9F9C300205BCB /* QuartzCore.framework */,
				57A224EC17E92683000B52E9 /* Security.framework */,
				57A224BA17E91769000B52E9 /* SystemConfiguration.framework */,
				57A223E217E90626000B52E9 /* UIKit.framework */,
				57A224BE17E9178B000B52E9 /* libiconv.dylib */,
			);
			name = Frameworks;
			sourceTree = "<group>";
		};
		57A223E817E90626000B52E9 /* ArgoPay */ = {
			isa = PBXGroup;
			children = (
				57A223F117E90626000B52E9 /* APAppDelegate.h */,
				57A223F217E90626000B52E9 /* APAppDelegate.m */,
				57A2248417E90FF3000B52E9 /* APStrings.h */,
				57A2248517E90FF3000B52E9 /* APStrings.m */,
				574B2DF317ECA097008E17EE /* APDebug.h */,
				574B2DF417ECA097008E17EE /* APDebug.m */,
				57E7B84A17EA5C0000205BCB /* Model */,
				57A2247317E90F47000B52E9 /* UI */,
				5793E3E117EB7E98004B0838 /* Network */,
				57A2240517E90F27000B52E9 /* Vendor */,
				57A2248717E913B3000B52E9 /* glyphs */,
				57A223E917E90626000B52E9 /* Supporting Files */,
				5793E3DE17EB7CC7004B0838 /* Testing */,
			);
			path = ArgoPay;
			sourceTree = "<group>";
		};
		57A223E917E90626000B52E9 /* Supporting Files */ = {
			isa = PBXGroup;
			children = (
				57A223FA17E90626000B52E9 /* MainStoryboard.storyboard */,
				57A223EA17E90626000B52E9 /* ArgoPay-Info.plist */,
				57A223EB17E90626000B52E9 /* InfoPlist.strings */,
				57A223EE17E90626000B52E9 /* main.m */,
				57A223F017E90626000B52E9 /* ArgoPay-Prefix.pch */,
				57A223F417E90626000B52E9 /* Default.png */,
				57A223F617E90626000B52E9 /* Default@2x.png */,
				57A223F817E90626000B52E9 /* Default-568h@2x.png */,
				57A224F417E951A5000B52E9 /* InAppSettings.bundle */,
				57E7B83417E9F01000205BCB /* about.html */,
			);
			name = "Supporting Files";
			sourceTree = "<group>";
		};
		57A2240517E90F27000B52E9 /* Vendor */ = {
			isa = PBXGroup;
			children = (
				57A2240617E90F27000B52E9 /* AFNetworking */,
				57A2241A17E90F27000B52E9 /* AOTK */,
				57A2241D17E90F27000B52E9 /* BK */,
				57A2243117E90F27000B52E9 /* InAppSettingsKit */,
				57A224C617E91EA8000B52E9 /* ZBarSDK */,
			);
			path = Vendor;
			sourceTree = "<group>";
		};
		57A2240617E90F27000B52E9 /* AFNetworking */ = {
			isa = PBXGroup;
			children = (
				57A2240717E90F27000B52E9 /* AFHTTPClient.h */,
				57A2240817E90F27000B52E9 /* AFHTTPClient.m */,
				57A2240917E90F27000B52E9 /* AFHTTPRequestOperation.h */,
				57A2240A17E90F27000B52E9 /* AFHTTPRequestOperation.m */,
				57A2240B17E90F27000B52E9 /* AFImageRequestOperation.h */,
				57A2240C17E90F27000B52E9 /* AFImageRequestOperation.m */,
				57A2240D17E90F27000B52E9 /* AFJSONRequestOperation.h */,
				57A2240E17E90F27000B52E9 /* AFJSONRequestOperation.m */,
				57A2240F17E90F27000B52E9 /* AFNetworkActivityIndicatorManager.h */,
				57A2241017E90F27000B52E9 /* AFNetworkActivityIndicatorManager.m */,
				57A2241117E90F27000B52E9 /* AFNetworking.h */,
				57A2241217E90F27000B52E9 /* AFPropertyListRequestOperation.h */,
				57A2241317E90F27000B52E9 /* AFPropertyListRequestOperation.m */,
				57A2241417E90F27000B52E9 /* AFURLConnectionOperation.h */,
				57A2241517E90F27000B52E9 /* AFURLConnectionOperation.m */,
				57A2241617E90F27000B52E9 /* AFXMLRequestOperation.h */,
				57A2241717E90F27000B52E9 /* AFXMLRequestOperation.m */,
				57A2241817E90F27000B52E9 /* UIImageView+AFNetworking.h */,
				57A2241917E90F27000B52E9 /* UIImageView+AFNetworking.m */,
			);
			path = AFNetworking;
			sourceTree = "<group>";
		};
		57A2241A17E90F27000B52E9 /* AOTK */ = {
			isa = PBXGroup;
			children = (
				57A2241B17E90F27000B52E9 /* NSObject+VSBroadcasting.h */,
				57A2241C17E90F27000B52E9 /* NSObject+VSBroadcasting.m */,
				57A224E917E92124000B52E9 /* VSConnectivity.h */,
				57A224EA17E92124000B52E9 /* VSConnectivity.m */,
				57A224EE17E92D1A000B52E9 /* VSSettings.h */,
				57A224EF17E92D1A000B52E9 /* VSSettings.m */,
				57E7B83F17EA042B00205BCB /* VSPopup.h */,
				57E7B84017EA042B00205BCB /* VSPopup.m */,
			);
			path = AOTK;
			sourceTree = "<group>";
		};
		57A2241D17E90F27000B52E9 /* BK */ = {
			isa = PBXGroup;
			children = (
				57A2241E17E90F27000B52E9 /* BKGlobals.h */,
				57A2241F17E90F27000B52E9 /* NSArray+BlocksKit.h */,
				57A2242017E90F27000B52E9 /* NSArray+BlocksKit.m */,
				57A2242117E90F27000B52E9 /* NSDictionary+BlocksKit.h */,
				57A2242217E90F27000B52E9 /* NSDictionary+BlocksKit.m */,
				57A2242317E90F27000B52E9 /* NSIndexSet+BlocksKit.h */,
				57A2242417E90F27000B52E9 /* NSIndexSet+BlocksKit.m */,
				57A2242517E90F27000B52E9 /* NSObject+AssociatedObjects.h */,
				57A2242617E90F27000B52E9 /* NSObject+AssociatedObjects.m */,
				57A2242717E90F27000B52E9 /* NSObject+BlockObservation.h */,
				57A2242817E90F27000B52E9 /* NSObject+BlockObservation.m */,
				57A2242917E90F27000B52E9 /* NSObject+BlocksKit.h */,
				57A2242A17E90F27000B52E9 /* NSObject+BlocksKit.m */,
				57A2242B17E90F27000B52E9 /* NSSet+BlocksKit.h */,
				57A2242C17E90F27000B52E9 /* NSSet+BlocksKit.m */,
				57A2242D17E90F27000B52E9 /* NSTimer+BlocksKit.h */,
				57A2242E17E90F27000B52E9 /* NSTimer+BlocksKit.m */,
				57A2242F17E90F27000B52E9 /* UIGestureRecognizer+BlocksKit.h */,
				57A2243017E90F27000B52E9 /* UIGestureRecognizer+BlocksKit.m */,
			);
			path = BK;
			sourceTree = "<group>";
		};
		57A2243117E90F27000B52E9 /* InAppSettingsKit */ = {
			isa = PBXGroup;
			children = (
				57A2243217E90F27000B52E9 /* Controllers */,
				57A2243A17E90F27000B52E9 /* Models */,
				57A2244517E90F27000B52E9 /* Views */,
			);
			path = InAppSettingsKit;
			sourceTree = "<group>";
		};
		57A2243217E90F27000B52E9 /* Controllers */ = {
			isa = PBXGroup;
			children = (
				57A2243317E90F27000B52E9 /* IASKAppSettingsViewController.h */,
				57A2243417E90F27000B52E9 /* IASKAppSettingsViewController.m */,
				57A2243517E90F27000B52E9 /* IASKAppSettingsWebViewController.h */,
				57A2243617E90F27000B52E9 /* IASKAppSettingsWebViewController.m */,
				57A2243717E90F27000B52E9 /* IASKSpecifierValuesViewController.h */,
				57A2243817E90F27000B52E9 /* IASKSpecifierValuesViewController.m */,
				57A2243917E90F27000B52E9 /* IASKViewController.h */,
			);
			path = Controllers;
			sourceTree = "<group>";
		};
		57A2243A17E90F27000B52E9 /* Models */ = {
			isa = PBXGroup;
			children = (
				57A2243B17E90F27000B52E9 /* IASKSettingsReader.h */,
				57A2243C17E90F27000B52E9 /* IASKSettingsReader.m */,
				57A2243D17E90F27000B52E9 /* IASKSettingsStore.h */,
				57A2243E17E90F27000B52E9 /* IASKSettingsStore.m */,
				57A2243F17E90F27000B52E9 /* IASKSettingsStoreFile.h */,
				57A2244017E90F27000B52E9 /* IASKSettingsStoreFile.m */,
				57A2244117E90F27000B52E9 /* IASKSettingsStoreUserDefaults.h */,
				57A2244217E90F27000B52E9 /* IASKSettingsStoreUserDefaults.m */,
				57A2244317E90F27000B52E9 /* IASKSpecifier.h */,
				57A2244417E90F27000B52E9 /* IASKSpecifier.m */,
			);
			path = Models;
			sourceTree = "<group>";
		};
		57A2244517E90F27000B52E9 /* Views */ = {
			isa = PBXGroup;
			children = (
				57A2244617E90F27000B52E9 /* IASKPSSliderSpecifierViewCell.h */,
				57A2244717E90F27000B52E9 /* IASKPSSliderSpecifierViewCell.m */,
				57A2244817E90F27000B52E9 /* IASKPSTextFieldSpecifierViewCell.h */,
				57A2244917E90F27000B52E9 /* IASKPSTextFieldSpecifierViewCell.m */,
				57A2244A17E90F27000B52E9 /* IASKPSTitleValueSpecifierViewCell.h */,
				57A2244B17E90F27000B52E9 /* IASKPSTitleValueSpecifierViewCell.m */,
				57A2244C17E90F27000B52E9 /* IASKSlider.h */,
				57A2244D17E90F27000B52E9 /* IASKSlider.m */,
				57A2244E17E90F27000B52E9 /* IASKSwitch.h */,
				57A2244F17E90F27000B52E9 /* IASKSwitch.m */,
				57A2245017E90F27000B52E9 /* IASKTextField.h */,
				57A2245117E90F27000B52E9 /* IASKTextField.m */,
			);
			path = Views;
			sourceTree = "<group>";
		};
		57A2247317E90F47000B52E9 /* UI */ = {
			isa = PBXGroup;
			children = (
				57E7B83817E9FC9E00205BCB /* Categories */,
				57A2247417E90F47000B52E9 /* APMainViewController.m */,
				57A2247717E90F47000B52E9 /* APMenuViewController.m */,
				57A2247517E90F47000B52E9 /* APLocationViewController.h */,
				57A2247617E90F47000B52E9 /* APLocationViewController.m */,
				57A2247817E90F47000B52E9 /* APOffersViewController.h */,
				57A2247917E90F47000B52E9 /* APOffersViewController.m */,
				57A2247A17E90F47000B52E9 /* APScanView.h */,
				57A2247B17E90F47000B52E9 /* APScanView.m */,
				57A224F117E95153000B52E9 /* APSettingsViewController.h */,
				57A224F217E95153000B52E9 /* APSettingsViewController.m */,
				57E7B83917E9FCE900205BCB /* APTranasctionViewController.h */,
				57E7B83A17E9FCE900205BCB /* APTranasctionViewController.m */,
				57E7B84417EA1BA400205BCB /* APPopup.h */,
				57E7B84517EA1BA400205BCB /* APPopup.m */,
			);
			path = UI;
			sourceTree = "<group>";
		};
		57A2248717E913B3000B52E9 /* glyphs */ = {
			isa = PBXGroup;
			children = (
				57A2248917E913B3000B52E9 /* kImageAccount.png */,
				57A2248A17E913B3000B52E9 /* kImageAlert.png */,
				57A2248B17E913B3000B52E9 /* kImageBack.png */,
				57A2248C17E913B3000B52E9 /* kImageBack@2x.png */,
				57A2248D17E913B3000B52E9 /* kImageBalloon.png */,
				57A2248E17E913B3000B52E9 /* kImageBanner.png */,
				57A2248F17E913B3000B52E9 /* kImageBanner@2x.png */,
				5793E3ED17EBC38A004B0838 /* kImageButtonBg.png */,
				57A2249017E913B3000B52E9 /* kImageFavorite.png */,
				57A2249117E913B3000B52E9 /* kImageHelp.png */,
				57A2249217E913B3000B52E9 /* kImageHistory.png */,
				57A2249317E913B3000B52E9 /* kImageHome.png */,
				57A2249417E913B3000B52E9 /* kImageHome@2x.png */,
				57A2249517E913B3000B52E9 /* kImageLocation.png */,
				57A2249617E913B3000B52E9 /* kImageLocation@2x.png */,
				57A2249717E913B3000B52E9 /* kImageLocationCircle.png */,
				57A2249817E913B3000B52E9 /* kImageLogout.png */,
				57A2249917E913B3000B52E9 /* kImageOffers.png */,
				57A2249A17E913B3000B52E9 /* kImageOffers@2x.png */,
				57E7B84217EA044600205BCB /* kImagePopupBG.png */,
				57A2249B17E913B3000B52E9 /* kImageProfile.png */,
				57A2249C17E913B3000B52E9 /* kImageQR.png */,
				57A2249D17E913B3000B52E9 /* kImageQR@2x.png */,
				5793E3EB17EBBE23004B0838 /* kImageRewardsTop.png */,
				57A2249E17E913B3000B52E9 /* kImageRewards.png */,
				57A2249F17E913B3000B52E9 /* kImageSettings.png */,
				571D75C417EB3D0A00F0B869 /* kImageTransactionBottom.png */,
				571D75C517EB3D0A00F0B869 /* kImageTransactionExpander.png */,
				571D75C617EB3D0A00F0B869 /* kImageTransactionTop.png */,
			);
			path = glyphs;
			sourceTree = "<group>";
		};
		57A224C617E91EA8000B52E9 /* ZBarSDK */ = {
			isa = PBXGroup;
			children = (
				57A224C717E91EA9000B52E9 /* Headers */,
				57A224DE17E91EA9000B52E9 /* libzbar.a */,
				57A224DF17E91EA9000B52E9 /* Resources */,
			);
			path = ZBarSDK;
			sourceTree = "<group>";
		};
		57A224C717E91EA9000B52E9 /* Headers */ = {
			isa = PBXGroup;
			children = (
				57A224C817E91EA9000B52E9 /* ZBarSDK */,
			);
			path = Headers;
			sourceTree = "<group>";
		};
		57A224C817E91EA9000B52E9 /* ZBarSDK */ = {
			isa = PBXGroup;
			children = (
				57A224C917E91EA9000B52E9 /* zbar */,
				57A224D317E91EA9000B52E9 /* zbar.h */,
				57A224D417E91EA9000B52E9 /* ZBarCameraSimulator.h */,
				57A224D517E91EA9000B52E9 /* ZBarCaptureReader.h */,
				57A224D617E91EA9000B52E9 /* ZBarHelpController.h */,
				57A224D717E91EA9000B52E9 /* ZBarImage.h */,
				57A224D817E91EA9000B52E9 /* ZBarImageScanner.h */,
				57A224D917E91EA9000B52E9 /* ZBarReaderController.h */,
				57A224DA17E91EA9000B52E9 /* ZBarReaderView.h */,
				57A224DB17E91EA9000B52E9 /* ZBarReaderViewController.h */,
				57A224DC17E91EA9000B52E9 /* ZBarSDK.h */,
				57A224DD17E91EA9000B52E9 /* ZBarSymbol.h */,
			);
			path = ZBarSDK;
			sourceTree = "<group>";
		};
		57A224C917E91EA9000B52E9 /* zbar */ = {
			isa = PBXGroup;
			children = (
				57A224CA17E91EA9000B52E9 /* Decoder.h */,
				57A224CB17E91EA9000B52E9 /* Exception.h */,
				57A224CC17E91EA9000B52E9 /* Image.h */,
				57A224CD17E91EA9000B52E9 /* ImageScanner.h */,
				57A224CE17E91EA9000B52E9 /* Processor.h */,
				57A224CF17E91EA9000B52E9 /* Scanner.h */,
				57A224D017E91EA9000B52E9 /* Symbol.h */,
				57A224D117E91EA9000B52E9 /* Video.h */,
				57A224D217E91EA9000B52E9 /* Window.h */,
			);
			path = zbar;
			sourceTree = "<group>";
		};
		57A224DF17E91EA9000B52E9 /* Resources */ = {
			isa = PBXGroup;
			children = (
				57A224E017E91EA9000B52E9 /* zbar-back.png */,
				57A224E117E91EA9000B52E9 /* zbar-help.html */,
				57A224E217E91EA9000B52E9 /* zbar-helpicons.png */,
				57A224E317E91EA9000B52E9 /* zbar-samples.png */,
			);
			path = Resources;
			sourceTree = "<group>";
		};
		57E7B83817E9FC9E00205BCB /* Categories */ = {
			isa = PBXGroup;
			children = (
				57A2247C17E90F47000B52E9 /* UIViewController+ArgoPay.h */,
				57A2247D17E90F47000B52E9 /* UIViewController+ArgoPay.m */,
			);
			name = Categories;
			sourceTree = "<group>";
		};
		57E7B84A17EA5C0000205BCB /* Model */ = {
			isa = PBXGroup;
			children = (
				57E7B84B17EA5C0000205BCB /* APTransaction.h */,
				57E7B84C17EA5C0000205BCB /* APTransaction.m */,
				5793E3E517EB7F24004B0838 /* APMerchant.h */,
				5793E3E617EB7F24004B0838 /* APMerchant.m */,
				5793E3E817EB7FBF004B0838 /* APReward.h */,
				5793E3E917EB7FBF004B0838 /* APReward.m */,
			);
			path = Model;
			sourceTree = "<group>";
		};
/* End PBXGroup section */

/* Begin PBXNativeTarget section */
		57A223DE17E90626000B52E9 /* ArgoPay */ = {
			isa = PBXNativeTarget;
			buildConfigurationList = 57A2240217E90626000B52E9 /* Build configuration list for PBXNativeTarget "ArgoPay" */;
			buildPhases = (
				57A223DB17E90626000B52E9 /* Sources */,
				57A223DC17E90626000B52E9 /* Frameworks */,
				57A223DD17E90626000B52E9 /* Resources */,
			);
			buildRules = (
			);
			dependencies = (
			);
			name = ArgoPay;
			productName = ArgoPay;
			productReference = 57A223DF17E90626000B52E9 /* ArgoPay.app */;
			productType = "com.apple.product-type.application";
		};
/* End PBXNativeTarget section */

/* Begin PBXProject section */
		57A223D717E90626000B52E9 /* Project object */ = {
			isa = PBXProject;
			attributes = {
				CLASSPREFIX = AP;
				LastUpgradeCheck = 0460;
				ORGANIZATIONNAME = ArgoPay;
			};
			buildConfigurationList = 57A223DA17E90626000B52E9 /* Build configuration list for PBXProject "ArgoPay" */;
			compatibilityVersion = "Xcode 3.2";
			developmentRegion = English;
			hasScannedForEncodings = 0;
			knownRegions = (
				en,
			);
			mainGroup = 57A223D617E90626000B52E9;
			productRefGroup = 57A223E017E90626000B52E9 /* Products */;
			projectDirPath = "";
			projectRoot = "";
			targets = (
				57A223DE17E90626000B52E9 /* ArgoPay */,
			);
		};
/* End PBXProject section */

/* Begin PBXResourcesBuildPhase section */
		57A223DD17E90626000B52E9 /* Resources */ = {
			isa = PBXResourcesBuildPhase;
			buildActionMask = 2147483647;
			files = (
				574B2DFA17ECBAA5008E17EE /* rewards.js in Resources */,
				574B2DFC17ECDC2D008E17EE /* transaction.js in Resources */,
				57A223ED17E90626000B52E9 /* InfoPlist.strings in Resources */,
				57A223F517E90626000B52E9 /* Default.png in Resources */,
				57A223F717E90626000B52E9 /* Default@2x.png in Resources */,
				57A223F917E90626000B52E9 /* Default-568h@2x.png in Resources */,
				57A223FC17E90626000B52E9 /* MainStoryboard.storyboard in Resources */,
				57A224A117E913B3000B52E9 /* kImageAccount.png in Resources */,
				57A224A217E913B3000B52E9 /* kImageAlert.png in Resources */,
				57A224A317E913B3000B52E9 /* kImageBack.png in Resources */,
				57A224A417E913B3000B52E9 /* kImageBack@2x.png in Resources */,
				57A224A517E913B3000B52E9 /* kImageBalloon.png in Resources */,
				57A224A617E913B3000B52E9 /* kImageBanner.png in Resources */,
				57A224A717E913B3000B52E9 /* kImageBanner@2x.png in Resources */,
				57A224A817E913B3000B52E9 /* kImageFavorite.png in Resources */,
				57A224A917E913B3000B52E9 /* kImageHelp.png in Resources */,
				57A224AA17E913B3000B52E9 /* kImageHistory.png in Resources */,
				57A224AB17E913B3000B52E9 /* kImageHome.png in Resources */,
				57A224AC17E913B3000B52E9 /* kImageHome@2x.png in Resources */,
				57A224AD17E913B3000B52E9 /* kImageLocation.png in Resources */,
				57A224AE17E913B3000B52E9 /* kImageLocation@2x.png in Resources */,
				57A224AF17E913B3000B52E9 /* kImageLocationCircle.png in Resources */,
				57A224B017E913B3000B52E9 /* kImageLogout.png in Resources */,
				57A224B117E913B3000B52E9 /* kImageOffers.png in Resources */,
				57A224B217E913B3000B52E9 /* kImageOffers@2x.png in Resources */,
				57A224B317E913B3000B52E9 /* kImageProfile.png in Resources */,
				57A224B417E913B3000B52E9 /* kImageQR.png in Resources */,
				57A224B517E913B3000B52E9 /* kImageQR@2x.png in Resources */,
				57A224B617E913B3000B52E9 /* kImageRewards.png in Resources */,
				57A224B717E913B3000B52E9 /* kImageSettings.png in Resources */,
				57A224E517E91EA9000B52E9 /* zbar-back.png in Resources */,
				57A224E617E91EA9000B52E9 /* zbar-help.html in Resources */,
				57A224E717E91EA9000B52E9 /* zbar-helpicons.png in Resources */,
				57A224E817E91EA9000B52E9 /* zbar-samples.png in Resources */,
				57A224F517E951A5000B52E9 /* InAppSettings.bundle in Resources */,
				57E7B83517E9F01000205BCB /* about.html in Resources */,
				57E7B84317EA044600205BCB /* kImagePopupBG.png in Resources */,
				571D75C717EB3D0A00F0B869 /* kImageTransactionBottom.png in Resources */,
				571D75C817EB3D0A00F0B869 /* kImageTransactionExpander.png in Resources */,
				571D75C917EB3D0A00F0B869 /* kImageTransactionTop.png in Resources */,
				5793E3DB17EB7379004B0838 /* appIcon.png in Resources */,
				5793E3DD17EB7383004B0838 /* appIcon@2x.png in Resources */,
				5793E3EC17EBBE23004B0838 /* kImageRewardsTop.png in Resources */,
				5793E3EE17EBC38A004B0838 /* kImageButtonBg.png in Resources */,
				574B2DF917ECB7EB008E17EE /* merchantlogo.jpg in Resources */,
			);
			runOnlyForDeploymentPostprocessing = 0;
		};
/* End PBXResourcesBuildPhase section */

/* Begin PBXSourcesBuildPhase section */
		57A223DB17E90626000B52E9 /* Sources */ = {
			isa = PBXSourcesBuildPhase;
			buildActionMask = 2147483647;
			files = (
				57A223EF17E90626000B52E9 /* main.m in Sources */,
				57A223F317E90626000B52E9 /* APAppDelegate.m in Sources */,
				57A2245217E90F27000B52E9 /* AFHTTPClient.m in Sources */,
				57A2245317E90F27000B52E9 /* AFHTTPRequestOperation.m in Sources */,
				57A2245417E90F27000B52E9 /* AFImageRequestOperation.m in Sources */,
				57A2245517E90F27000B52E9 /* AFJSONRequestOperation.m in Sources */,
				57A2245617E90F27000B52E9 /* AFNetworkActivityIndicatorManager.m in Sources */,
				57A2245717E90F27000B52E9 /* AFPropertyListRequestOperation.m in Sources */,
				57A2245817E90F27000B52E9 /* AFURLConnectionOperation.m in Sources */,
				57A2245917E90F27000B52E9 /* AFXMLRequestOperation.m in Sources */,
				57A2245A17E90F27000B52E9 /* UIImageView+AFNetworking.m in Sources */,
				57A2245B17E90F27000B52E9 /* NSObject+VSBroadcasting.m in Sources */,
				57A2245C17E90F27000B52E9 /* NSArray+BlocksKit.m in Sources */,
				57A2245D17E90F27000B52E9 /* NSDictionary+BlocksKit.m in Sources */,
				57A2245E17E90F27000B52E9 /* NSIndexSet+BlocksKit.m in Sources */,
				57A2245F17E90F27000B52E9 /* NSObject+AssociatedObjects.m in Sources */,
				57A2246017E90F27000B52E9 /* NSObject+BlockObservation.m in Sources */,
				57A2246117E90F27000B52E9 /* NSObject+BlocksKit.m in Sources */,
				57A2246217E90F27000B52E9 /* NSSet+BlocksKit.m in Sources */,
				57A2246317E90F27000B52E9 /* NSTimer+BlocksKit.m in Sources */,
				57A2246417E90F27000B52E9 /* UIGestureRecognizer+BlocksKit.m in Sources */,
				57A2246517E90F27000B52E9 /* IASKAppSettingsViewController.m in Sources */,
				57A2246617E90F27000B52E9 /* IASKAppSettingsWebViewController.m in Sources */,
				57A2246717E90F27000B52E9 /* IASKSpecifierValuesViewController.m in Sources */,
				57A2246817E90F27000B52E9 /* IASKSettingsReader.m in Sources */,
				57A2246917E90F27000B52E9 /* IASKSettingsStore.m in Sources */,
				57A2246A17E90F27000B52E9 /* IASKSettingsStoreFile.m in Sources */,
				57A2246B17E90F27000B52E9 /* IASKSettingsStoreUserDefaults.m in Sources */,
				57A2246C17E90F27000B52E9 /* IASKSpecifier.m in Sources */,
				57A2246D17E90F27000B52E9 /* IASKPSSliderSpecifierViewCell.m in Sources */,
				57A2246E17E90F27000B52E9 /* IASKPSTextFieldSpecifierViewCell.m in Sources */,
				57A2246F17E90F27000B52E9 /* IASKPSTitleValueSpecifierViewCell.m in Sources */,
				57A2247017E90F27000B52E9 /* IASKSlider.m in Sources */,
				57A2247117E90F27000B52E9 /* IASKSwitch.m in Sources */,
				57A2247217E90F27000B52E9 /* IASKTextField.m in Sources */,
				57A2247E17E90F47000B52E9 /* APMainViewController.m in Sources */,
				57A2247F17E90F47000B52E9 /* APLocationViewController.m in Sources */,
				57A2248017E90F47000B52E9 /* APMenuViewController.m in Sources */,
				57A2248117E90F47000B52E9 /* APOffersViewController.m in Sources */,
				57A2248217E90F47000B52E9 /* APScanView.m in Sources */,
				57A2248317E90F47000B52E9 /* UIViewController+ArgoPay.m in Sources */,
				57A2248617E90FF3000B52E9 /* APStrings.m in Sources */,
				57A224EB17E92124000B52E9 /* VSConnectivity.m in Sources */,
				57A224F017E92D1A000B52E9 /* VSSettings.m in Sources */,
				57A224F317E95154000B52E9 /* APSettingsViewController.m in Sources */,
				57E7B83B17E9FCE900205BCB /* APTranasctionViewController.m in Sources */,
				57E7B84117EA042B00205BCB /* VSPopup.m in Sources */,
				57E7B84617EA1BA400205BCB /* APPopup.m in Sources */,
				57E7B84D17EA5C0000205BCB /* APTransaction.m in Sources */,
				5793E3E417EB7E98004B0838 /* APRemotableObject.m in Sources */,
				5793E3E717EB7F24004B0838 /* APMerchant.m in Sources */,
				5793E3EA17EB7FBF004B0838 /* APReward.m in Sources */,
				574B2DF217EC9BEF008E17EE /* APRemoteAPI.m in Sources */,
				574B2DF517ECA097008E17EE /* APDebug.m in Sources */,
			);
			runOnlyForDeploymentPostprocessing = 0;
		};
/* End PBXSourcesBuildPhase section */

/* Begin PBXVariantGroup section */
		57A223EB17E90626000B52E9 /* InfoPlist.strings */ = {
			isa = PBXVariantGroup;
			children = (
				57A223EC17E90626000B52E9 /* en */,
			);
			name = InfoPlist.strings;
			sourceTree = "<group>";
		};
		57A223FA17E90626000B52E9 /* MainStoryboard.storyboard */ = {
			isa = PBXVariantGroup;
			children = (
				57A223FB17E90626000B52E9 /* en */,
			);
			name = MainStoryboard.storyboard;
			sourceTree = "<group>";
		};
/* End PBXVariantGroup section */

/* Begin XCBuildConfiguration section */
		57A2240017E90626000B52E9 /* Debug */ = {
			isa = XCBuildConfiguration;
			buildSettings = {
				ALWAYS_SEARCH_USER_PATHS = NO;
				CLANG_CXX_LANGUAGE_STANDARD = "gnu++0x";
				CLANG_CXX_LIBRARY = "libc++";
				CLANG_ENABLE_OBJC_ARC = YES;
				CLANG_WARN_CONSTANT_CONVERSION = YES;
				CLANG_WARN_EMPTY_BODY = YES;
				CLANG_WARN_ENUM_CONVERSION = YES;
				CLANG_WARN_INT_CONVERSION = YES;
				CLANG_WARN__DUPLICATE_METHOD_MATCH = YES;
				"CODE_SIGN_IDENTITY[sdk=iphoneos*]" = "iPhone Developer";
				COPY_PHASE_STRIP = NO;
				GCC_C_LANGUAGE_STANDARD = gnu99;
				GCC_DYNAMIC_NO_PIC = NO;
				GCC_OPTIMIZATION_LEVEL = 0;
				GCC_PREPROCESSOR_DEFINITIONS = (
					"DEBUG=1",
					"$(inherited)",
				);
				GCC_SYMBOLS_PRIVATE_EXTERN = NO;
				GCC_WARN_ABOUT_RETURN_TYPE = YES;
				GCC_WARN_UNINITIALIZED_AUTOS = YES;
				GCC_WARN_UNUSED_VARIABLE = YES;
				IPHONEOS_DEPLOYMENT_TARGET = 6.1;
				ONLY_ACTIVE_ARCH = YES;
				SDKROOT = iphoneos;
			};
			name = Debug;
		};
		57A2240117E90626000B52E9 /* Release */ = {
			isa = XCBuildConfiguration;
			buildSettings = {
				ALWAYS_SEARCH_USER_PATHS = NO;
				CLANG_CXX_LANGUAGE_STANDARD = "gnu++0x";
				CLANG_CXX_LIBRARY = "libc++";
				CLANG_ENABLE_OBJC_ARC = YES;
				CLANG_WARN_CONSTANT_CONVERSION = YES;
				CLANG_WARN_EMPTY_BODY = YES;
				CLANG_WARN_ENUM_CONVERSION = YES;
				CLANG_WARN_INT_CONVERSION = YES;
				CLANG_WARN__DUPLICATE_METHOD_MATCH = YES;
				"CODE_SIGN_IDENTITY[sdk=iphoneos*]" = "iPhone Developer";
				COPY_PHASE_STRIP = YES;
				GCC_C_LANGUAGE_STANDARD = gnu99;
				GCC_WARN_ABOUT_RETURN_TYPE = YES;
				GCC_WARN_UNINITIALIZED_AUTOS = YES;
				GCC_WARN_UNUSED_VARIABLE = YES;
				IPHONEOS_DEPLOYMENT_TARGET = 6.1;
				OTHER_CFLAGS = "-DNS_BLOCK_ASSERTIONS=1";
				SDKROOT = iphoneos;
				VALIDATE_PRODUCT = YES;
			};
			name = Release;
		};
		57A2240317E90626000B52E9 /* Debug */ = {
			isa = XCBuildConfiguration;
			buildSettings = {
				GCC_PRECOMPILE_PREFIX_HEADER = YES;
				GCC_PREFIX_HEADER = "ArgoPay/ArgoPay-Prefix.pch";
				INFOPLIST_FILE = "ArgoPay/ArgoPay-Info.plist";
				LIBRARY_SEARCH_PATHS = (
					"$(inherited)",
					"\"$(SRCROOT)/ArgoPay/Vendor/ZBarSDK\"",
				);
				PRODUCT_NAME = "$(TARGET_NAME)";
				WRAPPER_EXTENSION = app;
			};
			name = Debug;
		};
		57A2240417E90626000B52E9 /* Release */ = {
			isa = XCBuildConfiguration;
			buildSettings = {
				GCC_PRECOMPILE_PREFIX_HEADER = YES;
				GCC_PREFIX_HEADER = "ArgoPay/ArgoPay-Prefix.pch";
				INFOPLIST_FILE = "ArgoPay/ArgoPay-Info.plist";
				LIBRARY_SEARCH_PATHS = (
					"$(inherited)",
					"\"$(SRCROOT)/ArgoPay/Vendor/ZBarSDK\"",
				);
				PRODUCT_NAME = "$(TARGET_NAME)";
				WRAPPER_EXTENSION = app;
			};
			name = Release;
		};
/* End XCBuildConfiguration section */

/* Begin XCConfigurationList section */
		57A223DA17E90626000B52E9 /* Build configuration list for PBXProject "ArgoPay" */ = {
			isa = XCConfigurationList;
			buildConfigurations = (
				57A2240017E90626000B52E9 /* Debug */,
				57A2240117E90626000B52E9 /* Release */,
			);
			defaultConfigurationIsVisible = 0;
			defaultConfigurationName = Release;
		};
		57A2240217E90626000B52E9 /* Build configuration list for PBXNativeTarget "ArgoPay" */ = {
			isa = XCConfigurationList;
			buildConfigurations = (
				57A2240317E90626000B52E9 /* Debug */,
				57A2240417E90626000B52E9 /* Release */,
			);
			defaultConfigurationIsVisible = 0;
			defaultConfigurationName = Release;
		};
/* End XCConfigurationList section */
	};
	rootObject = 57A223D717E90626000B52E9 /* Project object */;
}
